// !$*UTF8*$!
{
	archiveVersion = 1;
	classes = {
	};
	objectVersion = 56;
	objects = {

/* Begin PBXBuildFile section */
		04BB8A552907FACC00CAD4E5 /* SurveyApp.swift in Sources */ = {isa = PBXBuildFile; fileRef = 04BB8A542907FACC00CAD4E5 /* SurveyApp.swift */; };
		04BB8A592907FACD00CAD4E5 /* Assets.xcassets in Resources */ = {isa = PBXBuildFile; fileRef = 04BB8A582907FACD00CAD4E5 /* Assets.xcassets */; };
		04BB8A6E290802E600CAD4E5 /* SplashView.swift in Sources */ = {isa = PBXBuildFile; fileRef = 04BB8A6D290802E600CAD4E5 /* SplashView.swift */; };
		04E628FD29090A1E000032C8 /* Configuration.swift in Sources */ = {isa = PBXBuildFile; fileRef = 04E628FC29090A1E000032C8 /* Configuration.swift */; };
		4FFFC006EC62B7DDF803621F /* Pods_Survey.framework in Frameworks */ = {isa = PBXBuildFile; fileRef = C3061B05C135D4B9820B5F6E /* Pods_Survey.framework */; };
		D2A035F74722B977AD07397F /* Pods_Survey_SurveyUITests.framework in Frameworks */ = {isa = PBXBuildFile; fileRef = 79B46DAC11ED7AF8CF7A9036 /* Pods_Survey_SurveyUITests.framework */; };
		FFA11CC1D181FE14E2D2D250 /* Pods_SurveyUnitTests.framework in Frameworks */ = {isa = PBXBuildFile; fileRef = 1071430B5659BE8FF9A50D41 /* Pods_SurveyUnitTests.framework */; };
/* End PBXBuildFile section */

/* Begin PBXContainerItemProxy section */
		04BB8A7A2908068400CAD4E5 /* PBXContainerItemProxy */ = {
			isa = PBXContainerItemProxy;
			containerPortal = 04BB8A492907FACB00CAD4E5 /* Project object */;
			proxyType = 1;
			remoteGlobalIDString = 04BB8A502907FACB00CAD4E5;
			remoteInfo = Survey;
		};
		04BB8A89290806B100CAD4E5 /* PBXContainerItemProxy */ = {
			isa = PBXContainerItemProxy;
			containerPortal = 04BB8A492907FACB00CAD4E5 /* Project object */;
			proxyType = 1;
			remoteGlobalIDString = 04BB8A502907FACB00CAD4E5;
			remoteInfo = Survey;
		};
/* End PBXContainerItemProxy section */

/* Begin PBXFileReference section */
		042B06B3290924AF00477605 /* Info.plist */ = {isa = PBXFileReference; fileEncoding = 4; lastKnownFileType = text.plist.xml; path = Info.plist; sourceTree = "<group>"; };
		0489B4833F3AD0F9AE546AD5 /* Pods-Survey.staging.xcconfig */ = {isa = PBXFileReference; includeInIndex = 1; lastKnownFileType = text.xcconfig; name = "Pods-Survey.staging.xcconfig"; path = "Target Support Files/Pods-Survey/Pods-Survey.staging.xcconfig"; sourceTree = "<group>"; };
		04BB8A512907FACB00CAD4E5 /* Survey.app */ = {isa = PBXFileReference; explicitFileType = wrapper.application; includeInIndex = 0; path = Survey.app; sourceTree = BUILT_PRODUCTS_DIR; };
		04BB8A542907FACC00CAD4E5 /* SurveyApp.swift */ = {isa = PBXFileReference; lastKnownFileType = sourcecode.swift; path = SurveyApp.swift; sourceTree = "<group>"; };
		04BB8A582907FACD00CAD4E5 /* Assets.xcassets */ = {isa = PBXFileReference; lastKnownFileType = folder.assetcatalog; path = Assets.xcassets; sourceTree = "<group>"; };
		04BB8A6D290802E600CAD4E5 /* SplashView.swift */ = {isa = PBXFileReference; lastKnownFileType = sourcecode.swift; path = SplashView.swift; sourceTree = "<group>"; };
		04BB8A762908068400CAD4E5 /* SurveyUnitTests.xctest */ = {isa = PBXFileReference; explicitFileType = wrapper.cfbundle; includeInIndex = 0; path = SurveyUnitTests.xctest; sourceTree = BUILT_PRODUCTS_DIR; };
		04BB8A83290806B100CAD4E5 /* SurveyUITests.xctest */ = {isa = PBXFileReference; explicitFileType = wrapper.cfbundle; includeInIndex = 0; path = SurveyUITests.xctest; sourceTree = BUILT_PRODUCTS_DIR; };
		04E628FC29090A1E000032C8 /* Configuration.swift */ = {isa = PBXFileReference; lastKnownFileType = sourcecode.swift; path = Configuration.swift; sourceTree = "<group>"; };
		04E6290029090E15000032C8 /* Debug.xcconfig */ = {isa = PBXFileReference; lastKnownFileType = text.xcconfig; path = Debug.xcconfig; sourceTree = "<group>"; };
		04E6290129090E26000032C8 /* Staging.xcconfig */ = {isa = PBXFileReference; lastKnownFileType = text.xcconfig; path = Staging.xcconfig; sourceTree = "<group>"; };
		04E6290229090E3D000032C8 /* Production.xcconfig */ = {isa = PBXFileReference; lastKnownFileType = text.xcconfig; path = Production.xcconfig; sourceTree = "<group>"; };
		1071430B5659BE8FF9A50D41 /* Pods_SurveyUnitTests.framework */ = {isa = PBXFileReference; explicitFileType = wrapper.framework; includeInIndex = 0; path = Pods_SurveyUnitTests.framework; sourceTree = BUILT_PRODUCTS_DIR; };
		3BBE9F07FFAEC8BB6D5B1D55 /* Pods-Survey-SurveyUITests.debug.xcconfig */ = {isa = PBXFileReference; includeInIndex = 1; lastKnownFileType = text.xcconfig; name = "Pods-Survey-SurveyUITests.debug.xcconfig"; path = "Target Support Files/Pods-Survey-SurveyUITests/Pods-Survey-SurveyUITests.debug.xcconfig"; sourceTree = "<group>"; };
		4F2AFCA12B4642DF2524122A /* Pods-SurveyUnitTests.debug.xcconfig */ = {isa = PBXFileReference; includeInIndex = 1; lastKnownFileType = text.xcconfig; name = "Pods-SurveyUnitTests.debug.xcconfig"; path = "Target Support Files/Pods-SurveyUnitTests/Pods-SurveyUnitTests.debug.xcconfig"; sourceTree = "<group>"; };
		6E4CE08EE3C5F2351FEBF207 /* Pods-Survey.debug.xcconfig */ = {isa = PBXFileReference; includeInIndex = 1; lastKnownFileType = text.xcconfig; name = "Pods-Survey.debug.xcconfig"; path = "Target Support Files/Pods-Survey/Pods-Survey.debug.xcconfig"; sourceTree = "<group>"; };
		79B46DAC11ED7AF8CF7A9036 /* Pods_Survey_SurveyUITests.framework */ = {isa = PBXFileReference; explicitFileType = wrapper.framework; includeInIndex = 0; path = Pods_Survey_SurveyUITests.framework; sourceTree = BUILT_PRODUCTS_DIR; };
		92472028441E9D09C6C5B3FE /* Pods-Survey.production.xcconfig */ = {isa = PBXFileReference; includeInIndex = 1; lastKnownFileType = text.xcconfig; name = "Pods-Survey.production.xcconfig"; path = "Target Support Files/Pods-Survey/Pods-Survey.production.xcconfig"; sourceTree = "<group>"; };
		A3575C5B4990483C0C4E02F1 /* Pods-SurveyUnitTests.production.xcconfig */ = {isa = PBXFileReference; includeInIndex = 1; lastKnownFileType = text.xcconfig; name = "Pods-SurveyUnitTests.production.xcconfig"; path = "Target Support Files/Pods-SurveyUnitTests/Pods-SurveyUnitTests.production.xcconfig"; sourceTree = "<group>"; };
		C3061B05C135D4B9820B5F6E /* Pods_Survey.framework */ = {isa = PBXFileReference; explicitFileType = wrapper.framework; includeInIndex = 0; path = Pods_Survey.framework; sourceTree = BUILT_PRODUCTS_DIR; };
		D1E3A9E20BA13988E8E92DCB /* Pods-SurveyUnitTests.staging.xcconfig */ = {isa = PBXFileReference; includeInIndex = 1; lastKnownFileType = text.xcconfig; name = "Pods-SurveyUnitTests.staging.xcconfig"; path = "Target Support Files/Pods-SurveyUnitTests/Pods-SurveyUnitTests.staging.xcconfig"; sourceTree = "<group>"; };
		D446F0A578F9E923173D7EDF /* Pods-Survey-SurveyUITests.production.xcconfig */ = {isa = PBXFileReference; includeInIndex = 1; lastKnownFileType = text.xcconfig; name = "Pods-Survey-SurveyUITests.production.xcconfig"; path = "Target Support Files/Pods-Survey-SurveyUITests/Pods-Survey-SurveyUITests.production.xcconfig"; sourceTree = "<group>"; };
		FAC5BB0061F28BC8E4D6D59E /* Pods-Survey-SurveyUITests.staging.xcconfig */ = {isa = PBXFileReference; includeInIndex = 1; lastKnownFileType = text.xcconfig; name = "Pods-Survey-SurveyUITests.staging.xcconfig"; path = "Target Support Files/Pods-Survey-SurveyUITests/Pods-Survey-SurveyUITests.staging.xcconfig"; sourceTree = "<group>"; };
/* End PBXFileReference section */

/* Begin PBXFrameworksBuildPhase section */
		04BB8A4E2907FACB00CAD4E5 /* Frameworks */ = {
			isa = PBXFrameworksBuildPhase;
			buildActionMask = 2147483647;
			files = (
				4FFFC006EC62B7DDF803621F /* Pods_Survey.framework in Frameworks */,
			);
			runOnlyForDeploymentPostprocessing = 0;
		};
		04BB8A732908068400CAD4E5 /* Frameworks */ = {
			isa = PBXFrameworksBuildPhase;
			buildActionMask = 2147483647;
			files = (
				FFA11CC1D181FE14E2D2D250 /* Pods_SurveyUnitTests.framework in Frameworks */,
			);
			runOnlyForDeploymentPostprocessing = 0;
		};
		04BB8A80290806B000CAD4E5 /* Frameworks */ = {
			isa = PBXFrameworksBuildPhase;
			buildActionMask = 2147483647;
			files = (
				D2A035F74722B977AD07397F /* Pods_Survey_SurveyUITests.framework in Frameworks */,
			);
			runOnlyForDeploymentPostprocessing = 0;
		};
/* End PBXFrameworksBuildPhase section */

/* Begin PBXGroup section */
		042B06B02909241700477605 /* Plists */ = {
			isa = PBXGroup;
			children = (
				042B06B3290924AF00477605 /* Info.plist */,
			);
			path = Plists;
			sourceTree = "<group>";
		};
		04BB8A482907FACB00CAD4E5 = {
			isa = PBXGroup;
			children = (
				04BB8A522907FACB00CAD4E5 /* Products */,
				04BB8A532907FACC00CAD4E5 /* Survey */,
				04BB8A84290806B100CAD4E5 /* SurveyUITests */,
				04BB8A772908068400CAD4E5 /* SurveyUnitTests */,
				C5F9CEB4F9EA676AEE421228 /* Pods */,
				D69FB6343CC98C9D296D0F2F /* Frameworks */,
			);
			sourceTree = "<group>";
		};
		04BB8A522907FACB00CAD4E5 /* Products */ = {
			isa = PBXGroup;
			children = (
				04BB8A512907FACB00CAD4E5 /* Survey.app */,
				04BB8A762908068400CAD4E5 /* SurveyUnitTests.xctest */,
				04BB8A83290806B100CAD4E5 /* SurveyUITests.xctest */,
			);
			name = Products;
			sourceTree = "<group>";
		};
		04BB8A532907FACC00CAD4E5 /* Survey */ = {
			isa = PBXGroup;
			children = (
				04BB8A622907FCCB00CAD4E5 /* Configurations */,
				04BB8A642907FCE400CAD4E5 /* Resources */,
				04BB8A632907FCDC00CAD4E5 /* Sources */,
			);
			path = Survey;
			sourceTree = "<group>";
		};
		04BB8A622907FCCB00CAD4E5 /* Configurations */ = {
			isa = PBXGroup;
			children = (
				042B06B02909241700477605 /* Plists */,
				04E628F32909003D000032C8 /* XCConfigs */,
				04E628FC29090A1E000032C8 /* Configuration.swift */,
			);
			path = Configurations;
			sourceTree = "<group>";
		};
		04BB8A632907FCDC00CAD4E5 /* Sources */ = {
			isa = PBXGroup;
			children = (
				04BB8A6F2908032400CAD4E5 /* Supports */,
				04BB8A6B2908027300CAD4E5 /* Presentation */,
				04BB8A6A2908024F00CAD4E5 /* Domain */,
				04BB8A692908024100CAD4E5 /* Data */,
				04BB8A682908023300CAD4E5 /* Constants */,
				04BB8A67290801F700CAD4E5 /* Application */,
			);
			path = Sources;
			sourceTree = "<group>";
		};
		04BB8A642907FCE400CAD4E5 /* Resources */ = {
			isa = PBXGroup;
			children = (
				04BB8A652907FF8600CAD4E5 /* Assets */,
			);
			path = Resources;
			sourceTree = "<group>";
		};
		04BB8A652907FF8600CAD4E5 /* Assets */ = {
			isa = PBXGroup;
			children = (
				04BB8A582907FACD00CAD4E5 /* Assets.xcassets */,
			);
			path = Assets;
			sourceTree = "<group>";
		};
		04BB8A662908018700CAD4E5 /* Modules */ = {
			isa = PBXGroup;
			children = (
				04BB8A6C2908029E00CAD4E5 /* Splash */,
			);
			path = Modules;
			sourceTree = "<group>";
		};
		04BB8A67290801F700CAD4E5 /* Application */ = {
			isa = PBXGroup;
			children = (
				04BB8A542907FACC00CAD4E5 /* SurveyApp.swift */,
			);
			path = Application;
			sourceTree = "<group>";
		};
		04BB8A682908023300CAD4E5 /* Constants */ = {
			isa = PBXGroup;
			children = (
			);
			path = Constants;
			sourceTree = "<group>";
		};
		04BB8A692908024100CAD4E5 /* Data */ = {
			isa = PBXGroup;
			children = (
			);
			path = Data;
			sourceTree = "<group>";
		};
		04BB8A6A2908024F00CAD4E5 /* Domain */ = {
			isa = PBXGroup;
			children = (
			);
			path = Domain;
			sourceTree = "<group>";
		};
		04BB8A6B2908027300CAD4E5 /* Presentation */ = {
			isa = PBXGroup;
			children = (
				04BB8A662908018700CAD4E5 /* Modules */,
			);
			path = Presentation;
			sourceTree = "<group>";
		};
		04BB8A6C2908029E00CAD4E5 /* Splash */ = {
			isa = PBXGroup;
			children = (
				04BB8A6D290802E600CAD4E5 /* SplashView.swift */,
			);
			path = Splash;
			sourceTree = "<group>";
		};
		04BB8A6F2908032400CAD4E5 /* Supports */ = {
			isa = PBXGroup;
			children = (
			);
			path = Supports;
			sourceTree = "<group>";
		};
		04BB8A772908068400CAD4E5 /* SurveyUnitTests */ = {
			isa = PBXGroup;
			children = (
				04BB8A902908087C00CAD4E5 /* Sources */,
				04BB8A8F2908087300CAD4E5 /* Resources */,
				04BB8A8E2908086700CAD4E5 /* Configurations */,
			);
			path = SurveyUnitTests;
			sourceTree = "<group>";
		};
		04BB8A84290806B100CAD4E5 /* SurveyUITests */ = {
			isa = PBXGroup;
			children = (
				04BB8A932908089500CAD4E5 /* Resources */,
				04BB8A922908088A00CAD4E5 /* Configurations */,
				04BB8A912908088200CAD4E5 /* Sources */,
			);
			path = SurveyUITests;
			sourceTree = "<group>";
		};
		04BB8A8E2908086700CAD4E5 /* Configurations */ = {
			isa = PBXGroup;
			children = (
			);
			path = Configurations;
			sourceTree = "<group>";
		};
		04BB8A8F2908087300CAD4E5 /* Resources */ = {
			isa = PBXGroup;
			children = (
			);
			path = Resources;
			sourceTree = "<group>";
		};
		04BB8A902908087C00CAD4E5 /* Sources */ = {
			isa = PBXGroup;
			children = (
			);
			path = Sources;
			sourceTree = "<group>";
		};
		04BB8A912908088200CAD4E5 /* Sources */ = {
			isa = PBXGroup;
			children = (
			);
			path = Sources;
			sourceTree = "<group>";
		};
		04BB8A922908088A00CAD4E5 /* Configurations */ = {
			isa = PBXGroup;
			children = (
			);
			path = Configurations;
			sourceTree = "<group>";
		};
		04BB8A932908089500CAD4E5 /* Resources */ = {
			isa = PBXGroup;
			children = (
			);
			path = Resources;
			sourceTree = "<group>";
		};
		04E628F32909003D000032C8 /* XCConfigs */ = {
			isa = PBXGroup;
			children = (
				04E6290029090E15000032C8 /* Debug.xcconfig */,
				04E6290129090E26000032C8 /* Staging.xcconfig */,
				04E6290229090E3D000032C8 /* Production.xcconfig */,
			);
			path = XCConfigs;
			sourceTree = "<group>";
		};
		C5F9CEB4F9EA676AEE421228 /* Pods */ = {
			isa = PBXGroup;
			children = (
				6E4CE08EE3C5F2351FEBF207 /* Pods-Survey.debug.xcconfig */,
				0489B4833F3AD0F9AE546AD5 /* Pods-Survey.staging.xcconfig */,
				92472028441E9D09C6C5B3FE /* Pods-Survey.production.xcconfig */,
				3BBE9F07FFAEC8BB6D5B1D55 /* Pods-Survey-SurveyUITests.debug.xcconfig */,
				FAC5BB0061F28BC8E4D6D59E /* Pods-Survey-SurveyUITests.staging.xcconfig */,
				D446F0A578F9E923173D7EDF /* Pods-Survey-SurveyUITests.production.xcconfig */,
				4F2AFCA12B4642DF2524122A /* Pods-SurveyUnitTests.debug.xcconfig */,
				D1E3A9E20BA13988E8E92DCB /* Pods-SurveyUnitTests.staging.xcconfig */,
				A3575C5B4990483C0C4E02F1 /* Pods-SurveyUnitTests.production.xcconfig */,
			);
			path = Pods;
			sourceTree = "<group>";
		};
		D69FB6343CC98C9D296D0F2F /* Frameworks */ = {
			isa = PBXGroup;
			children = (
				C3061B05C135D4B9820B5F6E /* Pods_Survey.framework */,
				79B46DAC11ED7AF8CF7A9036 /* Pods_Survey_SurveyUITests.framework */,
				1071430B5659BE8FF9A50D41 /* Pods_SurveyUnitTests.framework */,
			);
			name = Frameworks;
			sourceTree = "<group>";
		};
/* End PBXGroup section */

/* Begin PBXNativeTarget section */
		04BB8A502907FACB00CAD4E5 /* Survey */ = {
			isa = PBXNativeTarget;
			buildConfigurationList = 04BB8A5F2907FACD00CAD4E5 /* Build configuration list for PBXNativeTarget "Survey" */;
			buildPhases = (
				F654C03C6C9C171D697C117B /* [CP] Check Pods Manifest.lock */,
				04BB8A4D2907FACB00CAD4E5 /* Sources */,
				04BB8A4E2907FACB00CAD4E5 /* Frameworks */,
				04BB8A4F2907FACB00CAD4E5 /* Resources */,
				042B06B529092A1800477605 /* Swift Format */,
				042B06B629092A6B00477605 /* Swift Lint */,
			);
			buildRules = (
			);
			dependencies = (
			);
			name = Survey;
			productName = Survey;
			productReference = 04BB8A512907FACB00CAD4E5 /* Survey.app */;
			productType = "com.apple.product-type.application";
		};
		04BB8A752908068400CAD4E5 /* SurveyUnitTests */ = {
			isa = PBXNativeTarget;
			buildConfigurationList = 04BB8A7C2908068400CAD4E5 /* Build configuration list for PBXNativeTarget "SurveyUnitTests" */;
			buildPhases = (
				BE96D3C9EDD3CC36911EC969 /* [CP] Check Pods Manifest.lock */,
				04BB8A722908068400CAD4E5 /* Sources */,
				04BB8A732908068400CAD4E5 /* Frameworks */,
				04BB8A742908068400CAD4E5 /* Resources */,
				1CDC4DE4E64CFA7396E1C4D4 /* [CP] Embed Pods Frameworks */,
			);
			buildRules = (
			);
			dependencies = (
				04BB8A7B2908068400CAD4E5 /* PBXTargetDependency */,
			);
			name = SurveyUnitTests;
			productName = SurveyUnitTests;
			productReference = 04BB8A762908068400CAD4E5 /* SurveyUnitTests.xctest */;
			productType = "com.apple.product-type.bundle.unit-test";
		};
		04BB8A82290806B000CAD4E5 /* SurveyUITests */ = {
			isa = PBXNativeTarget;
			buildConfigurationList = 04BB8A8B290806B100CAD4E5 /* Build configuration list for PBXNativeTarget "SurveyUITests" */;
			buildPhases = (
				991D7F07243FBAF6AFD38DEA /* [CP] Check Pods Manifest.lock */,
				04BB8A7F290806B000CAD4E5 /* Sources */,
				04BB8A80290806B000CAD4E5 /* Frameworks */,
				04BB8A81290806B000CAD4E5 /* Resources */,
				4C4C00F399133A3EB22D901A /* [CP] Embed Pods Frameworks */,
			);
			buildRules = (
			);
			dependencies = (
				04BB8A8A290806B100CAD4E5 /* PBXTargetDependency */,
			);
			name = SurveyUITests;
			productName = SurveyUITests;
			productReference = 04BB8A83290806B100CAD4E5 /* SurveyUITests.xctest */;
			productType = "com.apple.product-type.bundle.ui-testing";
		};
/* End PBXNativeTarget section */

/* Begin PBXProject section */
		04BB8A492907FACB00CAD4E5 /* Project object */ = {
			isa = PBXProject;
			attributes = {
				BuildIndependentTargetsInParallel = 1;
				LastSwiftUpdateCheck = 1400;
				LastUpgradeCheck = 1400;
				TargetAttributes = {
					04BB8A502907FACB00CAD4E5 = {
						CreatedOnToolsVersion = 14.0.1;
					};
					04BB8A752908068400CAD4E5 = {
						CreatedOnToolsVersion = 14.0.1;
						TestTargetID = 04BB8A502907FACB00CAD4E5;
					};
					04BB8A82290806B000CAD4E5 = {
						CreatedOnToolsVersion = 14.0.1;
						TestTargetID = 04BB8A502907FACB00CAD4E5;
					};
				};
			};
			buildConfigurationList = 04BB8A4C2907FACB00CAD4E5 /* Build configuration list for PBXProject "Survey" */;
			compatibilityVersion = "Xcode 14.0";
			developmentRegion = en;
			hasScannedForEncodings = 0;
			knownRegions = (
				en,
				Base,
			);
			mainGroup = 04BB8A482907FACB00CAD4E5;
			productRefGroup = 04BB8A522907FACB00CAD4E5 /* Products */;
			projectDirPath = "";
			projectRoot = "";
			targets = (
				04BB8A502907FACB00CAD4E5 /* Survey */,
				04BB8A752908068400CAD4E5 /* SurveyUnitTests */,
				04BB8A82290806B000CAD4E5 /* SurveyUITests */,
			);
		};
/* End PBXProject section */

/* Begin PBXResourcesBuildPhase section */
		04BB8A4F2907FACB00CAD4E5 /* Resources */ = {
			isa = PBXResourcesBuildPhase;
			buildActionMask = 2147483647;
			files = (
				04BB8A592907FACD00CAD4E5 /* Assets.xcassets in Resources */,
			);
			runOnlyForDeploymentPostprocessing = 0;
		};
		04BB8A742908068400CAD4E5 /* Resources */ = {
			isa = PBXResourcesBuildPhase;
			buildActionMask = 2147483647;
			files = (
			);
			runOnlyForDeploymentPostprocessing = 0;
		};
		04BB8A81290806B000CAD4E5 /* Resources */ = {
			isa = PBXResourcesBuildPhase;
			buildActionMask = 2147483647;
			files = (
			);
			runOnlyForDeploymentPostprocessing = 0;
		};
/* End PBXResourcesBuildPhase section */

/* Begin PBXShellScriptBuildPhase section */
		042B06B529092A1800477605 /* Swift Format */ = {
			isa = PBXShellScriptBuildPhase;
			buildActionMask = 2147483647;
			files = (
			);
			inputFileListPaths = (
			);
			inputPaths = (
			);
			name = "Swift Format";
			outputFileListPaths = (
			);
			outputPaths = (
			);
			runOnlyForDeploymentPostprocessing = 0;
			shellPath = /bin/sh;
			shellScript = "# Type a script or drag a script file from your workspace to insert its path.\nif which swiftformat >/dev/null; then\n  swiftformat .\nelse\n  echo \"warning: SwiftFormat not installed, download from https://github.com/nicklockwood/SwiftFormat\"\nfi\n";
		};
		042B06B629092A6B00477605 /* Swift Lint */ = {
			isa = PBXShellScriptBuildPhase;
			buildActionMask = 2147483647;
			files = (
			);
			inputFileListPaths = (
			);
			inputPaths = (
			);
			name = "Swift Lint";
			outputFileListPaths = (
			);
			outputPaths = (
			);
			runOnlyForDeploymentPostprocessing = 0;
			shellPath = /bin/sh;
			shellScript = "# Type a script or drag a script file from your workspace to insert its path.\nexport PATH=\"$PATH:/opt/homebrew/bin\"\nif which swiftlint > /dev/null; then\n  swiftlint\nelse\n  echo \"warning: SwiftLint not installed, download from https://github.com/realm/SwiftLint\"\nfi\n";
		};
		1CDC4DE4E64CFA7396E1C4D4 /* [CP] Embed Pods Frameworks */ = {
			isa = PBXShellScriptBuildPhase;
			buildActionMask = 2147483647;
			files = (
			);
			inputFileListPaths = (
				"${PODS_ROOT}/Target Support Files/Pods-SurveyUnitTests/Pods-SurveyUnitTests-frameworks-${CONFIGURATION}-input-files.xcfilelist",
			);
			name = "[CP] Embed Pods Frameworks";
			outputFileListPaths = (
				"${PODS_ROOT}/Target Support Files/Pods-SurveyUnitTests/Pods-SurveyUnitTests-frameworks-${CONFIGURATION}-output-files.xcfilelist",
			);
			runOnlyForDeploymentPostprocessing = 0;
			shellPath = /bin/sh;
			shellScript = "\"${PODS_ROOT}/Target Support Files/Pods-SurveyUnitTests/Pods-SurveyUnitTests-frameworks.sh\"\n";
			showEnvVarsInLog = 0;
		};
		4C4C00F399133A3EB22D901A /* [CP] Embed Pods Frameworks */ = {
			isa = PBXShellScriptBuildPhase;
			buildActionMask = 2147483647;
			files = (
			);
			inputFileListPaths = (
				"${PODS_ROOT}/Target Support Files/Pods-Survey-SurveyUITests/Pods-Survey-SurveyUITests-frameworks-${CONFIGURATION}-input-files.xcfilelist",
			);
			name = "[CP] Embed Pods Frameworks";
			outputFileListPaths = (
				"${PODS_ROOT}/Target Support Files/Pods-Survey-SurveyUITests/Pods-Survey-SurveyUITests-frameworks-${CONFIGURATION}-output-files.xcfilelist",
			);
			runOnlyForDeploymentPostprocessing = 0;
			shellPath = /bin/sh;
			shellScript = "\"${PODS_ROOT}/Target Support Files/Pods-Survey-SurveyUITests/Pods-Survey-SurveyUITests-frameworks.sh\"\n";
			showEnvVarsInLog = 0;
		};
		991D7F07243FBAF6AFD38DEA /* [CP] Check Pods Manifest.lock */ = {
			isa = PBXShellScriptBuildPhase;
			buildActionMask = 2147483647;
			files = (
			);
			inputFileListPaths = (
			);
			inputPaths = (
				"${PODS_PODFILE_DIR_PATH}/Podfile.lock",
				"${PODS_ROOT}/Manifest.lock",
			);
			name = "[CP] Check Pods Manifest.lock";
			outputFileListPaths = (
			);
			outputPaths = (
				"$(DERIVED_FILE_DIR)/Pods-Survey-SurveyUITests-checkManifestLockResult.txt",
			);
			runOnlyForDeploymentPostprocessing = 0;
			shellPath = /bin/sh;
			shellScript = "diff \"${PODS_PODFILE_DIR_PATH}/Podfile.lock\" \"${PODS_ROOT}/Manifest.lock\" > /dev/null\nif [ $? != 0 ] ; then\n    # print error to STDERR\n    echo \"error: The sandbox is not in sync with the Podfile.lock. Run 'pod install' or update your CocoaPods installation.\" >&2\n    exit 1\nfi\n# This output is used by Xcode 'outputs' to avoid re-running this script phase.\necho \"SUCCESS\" > \"${SCRIPT_OUTPUT_FILE_0}\"\n";
			showEnvVarsInLog = 0;
		};
		BE96D3C9EDD3CC36911EC969 /* [CP] Check Pods Manifest.lock */ = {
			isa = PBXShellScriptBuildPhase;
			buildActionMask = 2147483647;
			files = (
			);
			inputFileListPaths = (
			);
			inputPaths = (
				"${PODS_PODFILE_DIR_PATH}/Podfile.lock",
				"${PODS_ROOT}/Manifest.lock",
			);
			name = "[CP] Check Pods Manifest.lock";
			outputFileListPaths = (
			);
			outputPaths = (
				"$(DERIVED_FILE_DIR)/Pods-SurveyUnitTests-checkManifestLockResult.txt",
			);
			runOnlyForDeploymentPostprocessing = 0;
			shellPath = /bin/sh;
			shellScript = "diff \"${PODS_PODFILE_DIR_PATH}/Podfile.lock\" \"${PODS_ROOT}/Manifest.lock\" > /dev/null\nif [ $? != 0 ] ; then\n    # print error to STDERR\n    echo \"error: The sandbox is not in sync with the Podfile.lock. Run 'pod install' or update your CocoaPods installation.\" >&2\n    exit 1\nfi\n# This output is used by Xcode 'outputs' to avoid re-running this script phase.\necho \"SUCCESS\" > \"${SCRIPT_OUTPUT_FILE_0}\"\n";
			showEnvVarsInLog = 0;
		};
		F654C03C6C9C171D697C117B /* [CP] Check Pods Manifest.lock */ = {
			isa = PBXShellScriptBuildPhase;
			buildActionMask = 2147483647;
			files = (
			);
			inputFileListPaths = (
			);
			inputPaths = (
				"${PODS_PODFILE_DIR_PATH}/Podfile.lock",
				"${PODS_ROOT}/Manifest.lock",
			);
			name = "[CP] Check Pods Manifest.lock";
			outputFileListPaths = (
			);
			outputPaths = (
				"$(DERIVED_FILE_DIR)/Pods-Survey-checkManifestLockResult.txt",
			);
			runOnlyForDeploymentPostprocessing = 0;
			shellPath = /bin/sh;
			shellScript = "diff \"${PODS_PODFILE_DIR_PATH}/Podfile.lock\" \"${PODS_ROOT}/Manifest.lock\" > /dev/null\nif [ $? != 0 ] ; then\n    # print error to STDERR\n    echo \"error: The sandbox is not in sync with the Podfile.lock. Run 'pod install' or update your CocoaPods installation.\" >&2\n    exit 1\nfi\n# This output is used by Xcode 'outputs' to avoid re-running this script phase.\necho \"SUCCESS\" > \"${SCRIPT_OUTPUT_FILE_0}\"\n";
			showEnvVarsInLog = 0;
		};
/* End PBXShellScriptBuildPhase section */

/* Begin PBXSourcesBuildPhase section */
		04BB8A4D2907FACB00CAD4E5 /* Sources */ = {
			isa = PBXSourcesBuildPhase;
			buildActionMask = 2147483647;
			files = (
				04E628FD29090A1E000032C8 /* Configuration.swift in Sources */,
				04BB8A552907FACC00CAD4E5 /* SurveyApp.swift in Sources */,
				04BB8A6E290802E600CAD4E5 /* SplashView.swift in Sources */,
			);
			runOnlyForDeploymentPostprocessing = 0;
		};
		04BB8A722908068400CAD4E5 /* Sources */ = {
			isa = PBXSourcesBuildPhase;
			buildActionMask = 2147483647;
			files = (
			);
			runOnlyForDeploymentPostprocessing = 0;
		};
		04BB8A7F290806B000CAD4E5 /* Sources */ = {
			isa = PBXSourcesBuildPhase;
			buildActionMask = 2147483647;
			files = (
			);
			runOnlyForDeploymentPostprocessing = 0;
		};
/* End PBXSourcesBuildPhase section */

/* Begin PBXTargetDependency section */
		04BB8A7B2908068400CAD4E5 /* PBXTargetDependency */ = {
			isa = PBXTargetDependency;
			target = 04BB8A502907FACB00CAD4E5 /* Survey */;
			targetProxy = 04BB8A7A2908068400CAD4E5 /* PBXContainerItemProxy */;
		};
		04BB8A8A290806B100CAD4E5 /* PBXTargetDependency */ = {
			isa = PBXTargetDependency;
			target = 04BB8A502907FACB00CAD4E5 /* Survey */;
			targetProxy = 04BB8A89290806B100CAD4E5 /* PBXContainerItemProxy */;
		};
/* End PBXTargetDependency section */

/* Begin XCBuildConfiguration section */
		04BB8A5D2907FACD00CAD4E5 /* Debug */ = {
			isa = XCBuildConfiguration;
			baseConfigurationReference = 04E6290029090E15000032C8 /* Debug.xcconfig */;
			buildSettings = {
				ALWAYS_SEARCH_USER_PATHS = NO;
				CLANG_ANALYZER_NONNULL = YES;
				CLANG_ANALYZER_NUMBER_OBJECT_CONVERSION = YES_AGGRESSIVE;
				CLANG_CXX_LANGUAGE_STANDARD = "gnu++20";
				CLANG_ENABLE_MODULES = YES;
				CLANG_ENABLE_OBJC_ARC = YES;
				CLANG_ENABLE_OBJC_WEAK = YES;
				CLANG_WARN_BLOCK_CAPTURE_AUTORELEASING = YES;
				CLANG_WARN_BOOL_CONVERSION = YES;
				CLANG_WARN_COMMA = YES;
				CLANG_WARN_CONSTANT_CONVERSION = YES;
				CLANG_WARN_DEPRECATED_OBJC_IMPLEMENTATIONS = YES;
				CLANG_WARN_DIRECT_OBJC_ISA_USAGE = YES_ERROR;
				CLANG_WARN_DOCUMENTATION_COMMENTS = YES;
				CLANG_WARN_EMPTY_BODY = YES;
				CLANG_WARN_ENUM_CONVERSION = YES;
				CLANG_WARN_INFINITE_RECURSION = YES;
				CLANG_WARN_INT_CONVERSION = YES;
				CLANG_WARN_NON_LITERAL_NULL_CONVERSION = YES;
				CLANG_WARN_OBJC_IMPLICIT_RETAIN_SELF = YES;
				CLANG_WARN_OBJC_LITERAL_CONVERSION = YES;
				CLANG_WARN_OBJC_ROOT_CLASS = YES_ERROR;
				CLANG_WARN_QUOTED_INCLUDE_IN_FRAMEWORK_HEADER = YES;
				CLANG_WARN_RANGE_LOOP_ANALYSIS = YES;
				CLANG_WARN_STRICT_PROTOTYPES = YES;
				CLANG_WARN_SUSPICIOUS_MOVE = YES;
				CLANG_WARN_UNGUARDED_AVAILABILITY = YES_AGGRESSIVE;
				CLANG_WARN_UNREACHABLE_CODE = YES;
				CLANG_WARN__DUPLICATE_METHOD_MATCH = YES;
				COPY_PHASE_STRIP = NO;
				DEBUG_INFORMATION_FORMAT = dwarf;
				ENABLE_STRICT_OBJC_MSGSEND = YES;
				ENABLE_TESTABILITY = YES;
				GCC_C_LANGUAGE_STANDARD = gnu11;
				GCC_DYNAMIC_NO_PIC = NO;
				GCC_NO_COMMON_BLOCKS = YES;
				GCC_OPTIMIZATION_LEVEL = 0;
				GCC_PREPROCESSOR_DEFINITIONS = (
					"DEBUG=1",
					"$(inherited)",
				);
				GCC_WARN_64_TO_32_BIT_CONVERSION = YES;
				GCC_WARN_ABOUT_RETURN_TYPE = YES_ERROR;
				GCC_WARN_UNDECLARED_SELECTOR = YES;
				GCC_WARN_UNINITIALIZED_AUTOS = YES_AGGRESSIVE;
				GCC_WARN_UNUSED_FUNCTION = YES;
				GCC_WARN_UNUSED_VARIABLE = YES;
				IPHONEOS_DEPLOYMENT_TARGET = 14.0;
				MTL_ENABLE_DEBUG_INFO = INCLUDE_SOURCE;
				MTL_FAST_MATH = YES;
				ONLY_ACTIVE_ARCH = YES;
				SDKROOT = iphoneos;
				SWIFT_ACTIVE_COMPILATION_CONDITIONS = DEBUG;
				SWIFT_OPTIMIZATION_LEVEL = "-Onone";
			};
			name = Debug;
		};
		04BB8A5E2907FACD00CAD4E5 /* Staging */ = {
			isa = XCBuildConfiguration;
			baseConfigurationReference = 04E6290129090E26000032C8 /* Staging.xcconfig */;
			buildSettings = {
				ALWAYS_SEARCH_USER_PATHS = NO;
				CLANG_ANALYZER_NONNULL = YES;
				CLANG_ANALYZER_NUMBER_OBJECT_CONVERSION = YES_AGGRESSIVE;
				CLANG_CXX_LANGUAGE_STANDARD = "gnu++20";
				CLANG_ENABLE_MODULES = YES;
				CLANG_ENABLE_OBJC_ARC = YES;
				CLANG_ENABLE_OBJC_WEAK = YES;
				CLANG_WARN_BLOCK_CAPTURE_AUTORELEASING = YES;
				CLANG_WARN_BOOL_CONVERSION = YES;
				CLANG_WARN_COMMA = YES;
				CLANG_WARN_CONSTANT_CONVERSION = YES;
				CLANG_WARN_DEPRECATED_OBJC_IMPLEMENTATIONS = YES;
				CLANG_WARN_DIRECT_OBJC_ISA_USAGE = YES_ERROR;
				CLANG_WARN_DOCUMENTATION_COMMENTS = YES;
				CLANG_WARN_EMPTY_BODY = YES;
				CLANG_WARN_ENUM_CONVERSION = YES;
				CLANG_WARN_INFINITE_RECURSION = YES;
				CLANG_WARN_INT_CONVERSION = YES;
				CLANG_WARN_NON_LITERAL_NULL_CONVERSION = YES;
				CLANG_WARN_OBJC_IMPLICIT_RETAIN_SELF = YES;
				CLANG_WARN_OBJC_LITERAL_CONVERSION = YES;
				CLANG_WARN_OBJC_ROOT_CLASS = YES_ERROR;
				CLANG_WARN_QUOTED_INCLUDE_IN_FRAMEWORK_HEADER = YES;
				CLANG_WARN_RANGE_LOOP_ANALYSIS = YES;
				CLANG_WARN_STRICT_PROTOTYPES = YES;
				CLANG_WARN_SUSPICIOUS_MOVE = YES;
				CLANG_WARN_UNGUARDED_AVAILABILITY = YES_AGGRESSIVE;
				CLANG_WARN_UNREACHABLE_CODE = YES;
				CLANG_WARN__DUPLICATE_METHOD_MATCH = YES;
				COPY_PHASE_STRIP = NO;
				DEBUG_INFORMATION_FORMAT = "dwarf-with-dsym";
				ENABLE_NS_ASSERTIONS = NO;
				ENABLE_STRICT_OBJC_MSGSEND = YES;
				GCC_C_LANGUAGE_STANDARD = gnu11;
				GCC_NO_COMMON_BLOCKS = YES;
				GCC_WARN_64_TO_32_BIT_CONVERSION = YES;
				GCC_WARN_ABOUT_RETURN_TYPE = YES_ERROR;
				GCC_WARN_UNDECLARED_SELECTOR = YES;
				GCC_WARN_UNINITIALIZED_AUTOS = YES_AGGRESSIVE;
				GCC_WARN_UNUSED_FUNCTION = YES;
				GCC_WARN_UNUSED_VARIABLE = YES;
				IPHONEOS_DEPLOYMENT_TARGET = 14.0;
				MTL_ENABLE_DEBUG_INFO = NO;
				MTL_FAST_MATH = YES;
				ONLY_ACTIVE_ARCH = YES;
				SDKROOT = iphoneos;
				SWIFT_ACTIVE_COMPILATION_CONDITIONS = STAGING;
				SWIFT_COMPILATION_MODE = wholemodule;
				SWIFT_OPTIMIZATION_LEVEL = "-O";
				VALIDATE_PRODUCT = YES;
			};
			name = Staging;
		};
		04BB8A602907FACD00CAD4E5 /* Debug */ = {
			isa = XCBuildConfiguration;
			baseConfigurationReference = 6E4CE08EE3C5F2351FEBF207 /* Pods-Survey.debug.xcconfig */;
			buildSettings = {
				ASSETCATALOG_COMPILER_APPICON_NAME = AppIcon;
				ASSETCATALOG_COMPILER_GLOBAL_ACCENT_COLOR_NAME = AccentColor;
				CODE_SIGN_STYLE = Automatic;
				CURRENT_PROJECT_VERSION = 1;
				DEVELOPMENT_ASSET_PATHS = "\"Survey/Resources/Assets\"";
				ENABLE_PREVIEWS = YES;
				GENERATE_INFOPLIST_FILE = YES;
				INFOPLIST_FILE = Survey/Configurations/Plists/Info.plist;
				INFOPLIST_KEY_UIApplicationSceneManifest_Generation = YES;
				INFOPLIST_KEY_UIApplicationSupportsIndirectInputEvents = YES;
				INFOPLIST_KEY_UILaunchScreen_Generation = YES;
				INFOPLIST_KEY_UISupportedInterfaceOrientations_iPad = "UIInterfaceOrientationPortrait UIInterfaceOrientationPortraitUpsideDown UIInterfaceOrientationLandscapeLeft UIInterfaceOrientationLandscapeRight";
				INFOPLIST_KEY_UISupportedInterfaceOrientations_iPhone = "UIInterfaceOrientationPortrait UIInterfaceOrientationLandscapeLeft UIInterfaceOrientationLandscapeRight";
				IPHONEOS_DEPLOYMENT_TARGET = 14.0;
				LD_RUNPATH_SEARCH_PATHS = (
					"$(inherited)",
					"@executable_path/Frameworks",
				);
				MARKETING_VERSION = 1.0;
				PRODUCT_BUNDLE_IDENTIFIER = asif.com.Survey;
				PRODUCT_NAME = "$(TARGET_NAME)";
				SWIFT_EMIT_LOC_STRINGS = YES;
				SWIFT_VERSION = 5.0;
				TARGETED_DEVICE_FAMILY = "1,2";
			};
			name = Debug;
		};
		04BB8A612907FACD00CAD4E5 /* Staging */ = {
			isa = XCBuildConfiguration;
			baseConfigurationReference = 0489B4833F3AD0F9AE546AD5 /* Pods-Survey.staging.xcconfig */;
			buildSettings = {
				ASSETCATALOG_COMPILER_APPICON_NAME = AppIcon;
				ASSETCATALOG_COMPILER_GLOBAL_ACCENT_COLOR_NAME = AccentColor;
				CODE_SIGN_STYLE = Automatic;
				CURRENT_PROJECT_VERSION = 1;
				DEVELOPMENT_ASSET_PATHS = "\"Survey/Resources/Assets\"";
				ENABLE_PREVIEWS = YES;
				GENERATE_INFOPLIST_FILE = YES;
				INFOPLIST_FILE = Survey/Configurations/Plists/Info.plist;
				INFOPLIST_KEY_UIApplicationSceneManifest_Generation = YES;
				INFOPLIST_KEY_UIApplicationSupportsIndirectInputEvents = YES;
				INFOPLIST_KEY_UILaunchScreen_Generation = YES;
				INFOPLIST_KEY_UISupportedInterfaceOrientations_iPad = "UIInterfaceOrientationPortrait UIInterfaceOrientationPortraitUpsideDown UIInterfaceOrientationLandscapeLeft UIInterfaceOrientationLandscapeRight";
				INFOPLIST_KEY_UISupportedInterfaceOrientations_iPhone = "UIInterfaceOrientationPortrait UIInterfaceOrientationLandscapeLeft UIInterfaceOrientationLandscapeRight";
				IPHONEOS_DEPLOYMENT_TARGET = 14.0;
				LD_RUNPATH_SEARCH_PATHS = (
					"$(inherited)",
					"@executable_path/Frameworks",
				);
				MARKETING_VERSION = 1.0;
				PRODUCT_BUNDLE_IDENTIFIER = asif.com.Survey;
				PRODUCT_NAME = "$(TARGET_NAME)";
				SWIFT_EMIT_LOC_STRINGS = YES;
				SWIFT_VERSION = 5.0;
				TARGETED_DEVICE_FAMILY = "1,2";
			};
			name = Staging;
		};
		04BB8A7D2908068400CAD4E5 /* Debug */ = {
			isa = XCBuildConfiguration;
			baseConfigurationReference = 4F2AFCA12B4642DF2524122A /* Pods-SurveyUnitTests.debug.xcconfig */;
			buildSettings = {
				BUNDLE_LOADER = "$(TEST_HOST)";
				CODE_SIGN_STYLE = Automatic;
				CURRENT_PROJECT_VERSION = 1;
				GENERATE_INFOPLIST_FILE = YES;
				MARKETING_VERSION = 1.0;
				PRODUCT_BUNDLE_IDENTIFIER = asif.com.SurveyUnitTests;
				PRODUCT_NAME = "$(TARGET_NAME)";
				SWIFT_EMIT_LOC_STRINGS = NO;
				SWIFT_VERSION = 5.0;
				TARGETED_DEVICE_FAMILY = "1,2";
				TEST_HOST = "$(BUILT_PRODUCTS_DIR)/Survey.app/$(BUNDLE_EXECUTABLE_FOLDER_PATH)/Survey";
			};
			name = Debug;
		};
		04BB8A7E2908068400CAD4E5 /* Staging */ = {
			isa = XCBuildConfiguration;
			baseConfigurationReference = D1E3A9E20BA13988E8E92DCB /* Pods-SurveyUnitTests.staging.xcconfig */;
			buildSettings = {
				BUNDLE_LOADER = "$(TEST_HOST)";
				CODE_SIGN_STYLE = Automatic;
				CURRENT_PROJECT_VERSION = 1;
				GENERATE_INFOPLIST_FILE = YES;
				MARKETING_VERSION = 1.0;
				PRODUCT_BUNDLE_IDENTIFIER = asif.com.SurveyUnitTests;
				PRODUCT_NAME = "$(TARGET_NAME)";
				SWIFT_EMIT_LOC_STRINGS = NO;
				SWIFT_VERSION = 5.0;
				TARGETED_DEVICE_FAMILY = "1,2";
				TEST_HOST = "$(BUILT_PRODUCTS_DIR)/Survey.app/$(BUNDLE_EXECUTABLE_FOLDER_PATH)/Survey";
			};
			name = Staging;
		};
		04BB8A8C290806B100CAD4E5 /* Debug */ = {
			isa = XCBuildConfiguration;
			baseConfigurationReference = 3BBE9F07FFAEC8BB6D5B1D55 /* Pods-Survey-SurveyUITests.debug.xcconfig */;
			buildSettings = {
				CODE_SIGN_STYLE = Automatic;
				CURRENT_PROJECT_VERSION = 1;
				GENERATE_INFOPLIST_FILE = YES;
				MARKETING_VERSION = 1.0;
				PRODUCT_BUNDLE_IDENTIFIER = asif.com.SurveyUITests;
				PRODUCT_NAME = "$(TARGET_NAME)";
				SWIFT_EMIT_LOC_STRINGS = NO;
				SWIFT_VERSION = 5.0;
				TARGETED_DEVICE_FAMILY = "1,2";
				TEST_TARGET_NAME = Survey;
			};
			name = Debug;
		};
		04BB8A8D290806B100CAD4E5 /* Staging */ = {
			isa = XCBuildConfiguration;
			baseConfigurationReference = FAC5BB0061F28BC8E4D6D59E /* Pods-Survey-SurveyUITests.staging.xcconfig */;
			buildSettings = {
				CODE_SIGN_STYLE = Automatic;
				CURRENT_PROJECT_VERSION = 1;
				GENERATE_INFOPLIST_FILE = YES;
				MARKETING_VERSION = 1.0;
				PRODUCT_BUNDLE_IDENTIFIER = asif.com.SurveyUITests;
				PRODUCT_NAME = "$(TARGET_NAME)";
				SWIFT_EMIT_LOC_STRINGS = NO;
				SWIFT_VERSION = 5.0;
				TARGETED_DEVICE_FAMILY = "1,2";
				TEST_TARGET_NAME = Survey;
			};
			name = Staging;
		};
		04E628F8290905AE000032C8 /* Production */ = {
			isa = XCBuildConfiguration;
			baseConfigurationReference = 04E6290229090E3D000032C8 /* Production.xcconfig */;
			buildSettings = {
				ALWAYS_SEARCH_USER_PATHS = NO;
				CLANG_ANALYZER_NONNULL = YES;
				CLANG_ANALYZER_NUMBER_OBJECT_CONVERSION = YES_AGGRESSIVE;
				CLANG_CXX_LANGUAGE_STANDARD = "gnu++20";
				CLANG_ENABLE_MODULES = YES;
				CLANG_ENABLE_OBJC_ARC = YES;
				CLANG_ENABLE_OBJC_WEAK = YES;
				CLANG_WARN_BLOCK_CAPTURE_AUTORELEASING = YES;
				CLANG_WARN_BOOL_CONVERSION = YES;
				CLANG_WARN_COMMA = YES;
				CLANG_WARN_CONSTANT_CONVERSION = YES;
				CLANG_WARN_DEPRECATED_OBJC_IMPLEMENTATIONS = YES;
				CLANG_WARN_DIRECT_OBJC_ISA_USAGE = YES_ERROR;
				CLANG_WARN_DOCUMENTATION_COMMENTS = YES;
				CLANG_WARN_EMPTY_BODY = YES;
				CLANG_WARN_ENUM_CONVERSION = YES;
				CLANG_WARN_INFINITE_RECURSION = YES;
				CLANG_WARN_INT_CONVERSION = YES;
				CLANG_WARN_NON_LITERAL_NULL_CONVERSION = YES;
				CLANG_WARN_OBJC_IMPLICIT_RETAIN_SELF = YES;
				CLANG_WARN_OBJC_LITERAL_CONVERSION = YES;
				CLANG_WARN_OBJC_ROOT_CLASS = YES_ERROR;
				CLANG_WARN_QUOTED_INCLUDE_IN_FRAMEWORK_HEADER = YES;
				CLANG_WARN_RANGE_LOOP_ANALYSIS = YES;
				CLANG_WARN_STRICT_PROTOTYPES = YES;
				CLANG_WARN_SUSPICIOUS_MOVE = YES;
				CLANG_WARN_UNGUARDED_AVAILABILITY = YES_AGGRESSIVE;
				CLANG_WARN_UNREACHABLE_CODE = YES;
				CLANG_WARN__DUPLICATE_METHOD_MATCH = YES;
				COPY_PHASE_STRIP = NO;
				DEBUG_INFORMATION_FORMAT = "dwarf-with-dsym";
				ENABLE_NS_ASSERTIONS = NO;
				ENABLE_STRICT_OBJC_MSGSEND = YES;
				GCC_C_LANGUAGE_STANDARD = gnu11;
				GCC_NO_COMMON_BLOCKS = YES;
				GCC_WARN_64_TO_32_BIT_CONVERSION = YES;
				GCC_WARN_ABOUT_RETURN_TYPE = YES_ERROR;
				GCC_WARN_UNDECLARED_SELECTOR = YES;
				GCC_WARN_UNINITIALIZED_AUTOS = YES_AGGRESSIVE;
				GCC_WARN_UNUSED_FUNCTION = YES;
				GCC_WARN_UNUSED_VARIABLE = YES;
				IPHONEOS_DEPLOYMENT_TARGET = 14.0;
				MTL_ENABLE_DEBUG_INFO = NO;
				MTL_FAST_MATH = YES;
				ONLY_ACTIVE_ARCH = YES;
				SDKROOT = iphoneos;
				SWIFT_ACTIVE_COMPILATION_CONDITIONS = PRODUCTION;
				SWIFT_COMPILATION_MODE = wholemodule;
				SWIFT_OPTIMIZATION_LEVEL = "-O";
				VALIDATE_PRODUCT = YES;
			};
			name = Production;
		};
		04E628F9290905AE000032C8 /* Production */ = {
			isa = XCBuildConfiguration;
			baseConfigurationReference = 92472028441E9D09C6C5B3FE /* Pods-Survey.production.xcconfig */;
			buildSettings = {
				ASSETCATALOG_COMPILER_APPICON_NAME = AppIcon;
				ASSETCATALOG_COMPILER_GLOBAL_ACCENT_COLOR_NAME = AccentColor;
				CODE_SIGN_STYLE = Automatic;
				CURRENT_PROJECT_VERSION = 1;
				DEVELOPMENT_ASSET_PATHS = "\"Survey/Resources/Assets\"";
				ENABLE_PREVIEWS = YES;
				GENERATE_INFOPLIST_FILE = YES;
				INFOPLIST_FILE = Survey/Configurations/Plists/Info.plist;
				INFOPLIST_KEY_UIApplicationSceneManifest_Generation = YES;
				INFOPLIST_KEY_UIApplicationSupportsIndirectInputEvents = YES;
				INFOPLIST_KEY_UILaunchScreen_Generation = YES;
				INFOPLIST_KEY_UISupportedInterfaceOrientations_iPad = "UIInterfaceOrientationPortrait UIInterfaceOrientationPortraitUpsideDown UIInterfaceOrientationLandscapeLeft UIInterfaceOrientationLandscapeRight";
				INFOPLIST_KEY_UISupportedInterfaceOrientations_iPhone = "UIInterfaceOrientationPortrait UIInterfaceOrientationLandscapeLeft UIInterfaceOrientationLandscapeRight";
				IPHONEOS_DEPLOYMENT_TARGET = 14.0;
				LD_RUNPATH_SEARCH_PATHS = (
					"$(inherited)",
					"@executable_path/Frameworks",
				);
				MARKETING_VERSION = 1.0;
				PRODUCT_BUNDLE_IDENTIFIER = asif.com.Survey;
				PRODUCT_NAME = "$(TARGET_NAME)";
				SWIFT_EMIT_LOC_STRINGS = YES;
				SWIFT_VERSION = 5.0;
				TARGETED_DEVICE_FAMILY = "1,2";
			};
			name = Production;
		};
		04E628FA290905AE000032C8 /* Production */ = {
			isa = XCBuildConfiguration;
			baseConfigurationReference = A3575C5B4990483C0C4E02F1 /* Pods-SurveyUnitTests.production.xcconfig */;
			buildSettings = {
				BUNDLE_LOADER = "$(TEST_HOST)";
				CODE_SIGN_STYLE = Automatic;
				CURRENT_PROJECT_VERSION = 1;
				GENERATE_INFOPLIST_FILE = YES;
				MARKETING_VERSION = 1.0;
				PRODUCT_BUNDLE_IDENTIFIER = asif.com.SurveyUnitTests;
				PRODUCT_NAME = "$(TARGET_NAME)";
				SWIFT_EMIT_LOC_STRINGS = NO;
				SWIFT_VERSION = 5.0;
				TARGETED_DEVICE_FAMILY = "1,2";
				TEST_HOST = "$(BUILT_PRODUCTS_DIR)/Survey.app/$(BUNDLE_EXECUTABLE_FOLDER_PATH)/Survey";
			};
			name = Production;
		};
		04E628FB290905AE000032C8 /* Production */ = {
			isa = XCBuildConfiguration;
			baseConfigurationReference = D446F0A578F9E923173D7EDF /* Pods-Survey-SurveyUITests.production.xcconfig */;
			buildSettings = {
				CODE_SIGN_STYLE = Automatic;
				CURRENT_PROJECT_VERSION = 1;
				GENERATE_INFOPLIST_FILE = YES;
				MARKETING_VERSION = 1.0;
				PRODUCT_BUNDLE_IDENTIFIER = asif.com.SurveyUITests;
				PRODUCT_NAME = "$(TARGET_NAME)";
				SWIFT_EMIT_LOC_STRINGS = NO;
				SWIFT_VERSION = 5.0;
				TARGETED_DEVICE_FAMILY = "1,2";
				TEST_TARGET_NAME = Survey;
			};
			name = Production;
		};
/* End XCBuildConfiguration section */

/* Begin XCConfigurationList section */
		04BB8A4C2907FACB00CAD4E5 /* Build configuration list for PBXProject "Survey" */ = {
			isa = XCConfigurationList;
			buildConfigurations = (
				04BB8A5D2907FACD00CAD4E5 /* Debug */,
				04BB8A5E2907FACD00CAD4E5 /* Staging */,
				04E628F8290905AE000032C8 /* Production */,
			);
			defaultConfigurationIsVisible = 0;
			defaultConfigurationName = Production;
		};
		04BB8A5F2907FACD00CAD4E5 /* Build configuration list for PBXNativeTarget "Survey" */ = {
			isa = XCConfigurationList;
			buildConfigurations = (
				04BB8A602907FACD00CAD4E5 /* Debug */,
				04BB8A612907FACD00CAD4E5 /* Staging */,
				04E628F9290905AE000032C8 /* Production */,
			);
			defaultConfigurationIsVisible = 0;
			defaultConfigurationName = Production;
		};
		04BB8A7C2908068400CAD4E5 /* Build configuration list for PBXNativeTarget "SurveyUnitTests" */ = {
			isa = XCConfigurationList;
			buildConfigurations = (
				04BB8A7D2908068400CAD4E5 /* Debug */,
				04BB8A7E2908068400CAD4E5 /* Staging */,
				04E628FA290905AE000032C8 /* Production */,
			);
			defaultConfigurationIsVisible = 0;
			defaultConfigurationName = Production;
		};
		04BB8A8B290806B100CAD4E5 /* Build configuration list for PBXNativeTarget "SurveyUITests" */ = {
			isa = XCConfigurationList;
			buildConfigurations = (
				04BB8A8C290806B100CAD4E5 /* Debug */,
				04BB8A8D290806B100CAD4E5 /* Staging */,
				04E628FB290905AE000032C8 /* Production */,
			);
			defaultConfigurationIsVisible = 0;
			defaultConfigurationName = Production;
		};
/* End XCConfigurationList section */
	};
	rootObject = 04BB8A492907FACB00CAD4E5 /* Project object */;
}
