// !$*UTF8*$!
{
	archiveVersion = 1;
	classes = {
	};
	objectVersion = 56;
	objects = {

/* Begin PBXBuildFile section */
		043A1186290AFE4700F53F4B /* SurveyUnitTests.swift in Sources */ = {isa = PBXBuildFile; fileRef = 043A1185290AFE4700F53F4B /* SurveyUnitTests.swift */; };
		043A1194290AFE7700F53F4B /* SurveyUITests.swift in Sources */ = {isa = PBXBuildFile; fileRef = 043A1193290AFE7700F53F4B /* SurveyUITests.swift */; };
		046E731D2918BE3C004DAB41 /* LoginViewModel.swift in Sources */ = {isa = PBXBuildFile; fileRef = 046E731C2918BE3C004DAB41 /* LoginViewModel.swift */; };
		047130AE2913863900E83A9A /* ColorResource.swift in Sources */ = {isa = PBXBuildFile; fileRef = 047130AD2913863900E83A9A /* ColorResource.swift */; };
		047130B12913A5F800E83A9A /* NeuzeitSLTStd-Book.otf in Resources */ = {isa = PBXBuildFile; fileRef = 047130B02913A5F800E83A9A /* NeuzeitSLTStd-Book.otf */; };
		047130B32913A67D00E83A9A /* FontResource.swift in Sources */ = {isa = PBXBuildFile; fileRef = 047130B22913A67D00E83A9A /* FontResource.swift */; };
		047130B52913A7BA00E83A9A /* NeuzeitSLTStd-BookHeavy.otf in Resources */ = {isa = PBXBuildFile; fileRef = 047130B42913A7BA00E83A9A /* NeuzeitSLTStd-BookHeavy.otf */; };
		047130B82913B9E200E83A9A /* EntryViewType.swift in Sources */ = {isa = PBXBuildFile; fileRef = 047130B72913B9E200E83A9A /* EntryViewType.swift */; };
		047130C02913BF6600E83A9A /* EmailTextField.swift in Sources */ = {isa = PBXBuildFile; fileRef = 047130BF2913BF6600E83A9A /* EmailTextField.swift */; };
		047130C42913C15E00E83A9A /* Localizable.strings in Resources */ = {isa = PBXBuildFile; fileRef = 047130C62913C15E00E83A9A /* Localizable.strings */; };
		047130C82913C31100E83A9A /* String+Extension.swift in Sources */ = {isa = PBXBuildFile; fileRef = 047130C72913C31100E83A9A /* String+Extension.swift */; };
		047130CA2913C4DC00E83A9A /* PasswordSecureTextField.swift in Sources */ = {isa = PBXBuildFile; fileRef = 047130C92913C4DC00E83A9A /* PasswordSecureTextField.swift */; };
		047130CD2913C64A00E83A9A /* LoginButton.swift in Sources */ = {isa = PBXBuildFile; fileRef = 047130CC2913C64A00E83A9A /* LoginButton.swift */; };
		047130D02913C96700E83A9A /* SplashView.swift in Sources */ = {isa = PBXBuildFile; fileRef = 047130CF2913C96700E83A9A /* SplashView.swift */; };
		047B28E6290A772A005D615C /* ImageResource.swift in Sources */ = {isa = PBXBuildFile; fileRef = 047B28E5290A772A005D615C /* ImageResource.swift */; };
		048FC2C7291283D000B52907 /* EntryViewModel.swift in Sources */ = {isa = PBXBuildFile; fileRef = 048FC2C6291283D000B52907 /* EntryViewModel.swift */; };
		048FC2C929128A6300B52907 /* AnimationCompletionObserverModifier.swift in Sources */ = {isa = PBXBuildFile; fileRef = 048FC2C829128A6300B52907 /* AnimationCompletionObserverModifier.swift */; };
		048FC2CB29128AF700B52907 /* View+Extension.swift in Sources */ = {isa = PBXBuildFile; fileRef = 048FC2CA29128AF600B52907 /* View+Extension.swift */; };
		048FC2CE29128C3A00B52907 /* LoginView.swift in Sources */ = {isa = PBXBuildFile; fileRef = 048FC2CD29128C3A00B52907 /* LoginView.swift */; };
		0492B7CA2915005E00D8E1D2 /* LoginTokenApi.swift in Sources */ = {isa = PBXBuildFile; fileRef = 0492B7C92915005E00D8E1D2 /* LoginTokenApi.swift */; };
		0492B7CD291501DF00D8E1D2 /* LoginToken.swift in Sources */ = {isa = PBXBuildFile; fileRef = 0492B7CC291501DF00D8E1D2 /* LoginToken.swift */; };
		0492B7D12915066C00D8E1D2 /* LoginUseCaseProtocol.swift in Sources */ = {isa = PBXBuildFile; fileRef = 0492B7D02915066C00D8E1D2 /* LoginUseCaseProtocol.swift */; };
		0492B7D32915068700D8E1D2 /* LoginUseCase.swift in Sources */ = {isa = PBXBuildFile; fileRef = 0492B7D22915068700D8E1D2 /* LoginUseCase.swift */; };
		0492B7D62915089A00D8E1D2 /* LoginRepository.swift in Sources */ = {isa = PBXBuildFile; fileRef = 0492B7D52915089A00D8E1D2 /* LoginRepository.swift */; };
		0492B7DA2915092800D8E1D2 /* LoginRepositoryProtocol.swift in Sources */ = {isa = PBXBuildFile; fileRef = 0492B7D92915092800D8E1D2 /* LoginRepositoryProtocol.swift */; };
		0492B7DE2915102900D8E1D2 /* RequestConfiguration.swift in Sources */ = {isa = PBXBuildFile; fileRef = 0492B7DD2915102900D8E1D2 /* RequestConfiguration.swift */; };
		0492B7E0291517C300D8E1D2 /* URLRequest+Extension.swift in Sources */ = {isa = PBXBuildFile; fileRef = 0492B7DF291517C300D8E1D2 /* URLRequest+Extension.swift */; };
		0492B7E229151D0A00D8E1D2 /* NetworkAPIProtocol.swift in Sources */ = {isa = PBXBuildFile; fileRef = 0492B7E129151D0A00D8E1D2 /* NetworkAPIProtocol.swift */; };
		0492B7E4291524EB00D8E1D2 /* HTTPError.swift in Sources */ = {isa = PBXBuildFile; fileRef = 0492B7E3291524EB00D8E1D2 /* HTTPError.swift */; };
		0492B7EA29152DBF00D8E1D2 /* LoginNetworkAPI.swift in Sources */ = {isa = PBXBuildFile; fileRef = 0492B7E929152DBF00D8E1D2 /* LoginNetworkAPI.swift */; };
		049F6F10290B8D7C000C947F /* R.generated.swift in Sources */ = {isa = PBXBuildFile; fileRef = 049F6F0F290B8D7C000C947F /* R.generated.swift */; };
		049F6F13290B8EEA000C947F /* Typealiases.swift in Sources */ = {isa = PBXBuildFile; fileRef = 049F6F12290B8EEA000C947F /* Typealiases.swift */; };
		049F6F17290B93B7000C947F /* OverlayView.swift in Sources */ = {isa = PBXBuildFile; fileRef = 049F6F16290B93B7000C947F /* OverlayView.swift */; };
		04B72311291BB307005AF05E /* APIRequestConfigurations.swift in Sources */ = {isa = PBXBuildFile; fileRef = 04B72310291BB307005AF05E /* APIRequestConfigurations.swift */; };
		04BB8A552907FACC00CAD4E5 /* SurveyApp.swift in Sources */ = {isa = PBXBuildFile; fileRef = 04BB8A542907FACC00CAD4E5 /* SurveyApp.swift */; };
		04BB8A592907FACD00CAD4E5 /* Assets.xcassets in Resources */ = {isa = PBXBuildFile; fileRef = 04BB8A582907FACD00CAD4E5 /* Assets.xcassets */; };
		04BB8A6E290802E600CAD4E5 /* EntryView.swift in Sources */ = {isa = PBXBuildFile; fileRef = 04BB8A6D290802E600CAD4E5 /* EntryView.swift */; };
		04C7A6662919416000EAA943 /* UIFont+Extension.swift in Sources */ = {isa = PBXBuildFile; fileRef = 04C7A6652919416000EAA943 /* UIFont+Extension.swift */; };
		04CD15D2291A1C98002D778E /* SurveyListView.swift in Sources */ = {isa = PBXBuildFile; fileRef = 04CD15D1291A1C98002D778E /* SurveyListView.swift */; };
		04CD15D5291A2AAE002D778E /* FlowStacks in Frameworks */ = {isa = PBXBuildFile; productRef = 04CD15D4291A2AAE002D778E /* FlowStacks */; };
		04CD15D7291A2ADA002D778E /* AppScreenType.swift in Sources */ = {isa = PBXBuildFile; fileRef = 04CD15D6291A2ADA002D778E /* AppScreenType.swift */; };
		04CD15D9291A2B0B002D778E /* AppView.swift in Sources */ = {isa = PBXBuildFile; fileRef = 04CD15D8291A2B0B002D778E /* AppView.swift */; };
		04CD15DB291A2B43002D778E /* AppViewModel.swift in Sources */ = {isa = PBXBuildFile; fileRef = 04CD15DA291A2B43002D778E /* AppViewModel.swift */; };
		04CD15DE291A4094002D778E /* KeychainHelper.swift in Sources */ = {isa = PBXBuildFile; fileRef = 04CD15DD291A4094002D778E /* KeychainHelper.swift */; };
		04CD15E2291A4FB5002D778E /* KeyChainConstants.swift in Sources */ = {isa = PBXBuildFile; fileRef = 04CD15E1291A4FB5002D778E /* KeyChainConstants.swift */; };
		04CD15E8291A7461002D778E /* ValidityChecker.swift in Sources */ = {isa = PBXBuildFile; fileRef = 04CD15E7291A7461002D778E /* ValidityChecker.swift */; };
		04E628FD29090A1E000032C8 /* Configuration.swift in Sources */ = {isa = PBXBuildFile; fileRef = 04E628FC29090A1E000032C8 /* Configuration.swift */; };
		04FCA4C7291009EC009F3513 /* GoogleService-Info.plist in Resources */ = {isa = PBXBuildFile; fileRef = 04FCA4C6291009EC009F3513 /* GoogleService-Info.plist */; };
		04FCA4C8291009EC009F3513 /* GoogleService-Info.plist in Resources */ = {isa = PBXBuildFile; fileRef = 04FCA4C6291009EC009F3513 /* GoogleService-Info.plist */; };
		04FCA4C9291009EC009F3513 /* GoogleService-Info.plist in Resources */ = {isa = PBXBuildFile; fileRef = 04FCA4C6291009EC009F3513 /* GoogleService-Info.plist */; };
		B2EDBB866438B03BA3972F58 /* Pods_Survey.framework in Frameworks */ = {isa = PBXBuildFile; fileRef = 8D4C6E57CED78524A86770EC /* Pods_Survey.framework */; };
		BBE54A6504DC96FF37ED3FF6 /* Pods_Survey_SurveyUITests.framework in Frameworks */ = {isa = PBXBuildFile; fileRef = 1E99DEB6EBC0FFEEBD980C4F /* Pods_Survey_SurveyUITests.framework */; };
		C8DFF50631C1B3E35591A760 /* Pods_SurveyUnitTests.framework in Frameworks */ = {isa = PBXBuildFile; fileRef = 7BF33291D6447BC60A34F59C /* Pods_SurveyUnitTests.framework */; };
/* End PBXBuildFile section */

/* Begin PBXContainerItemProxy section */
		043A1187290AFE4700F53F4B /* PBXContainerItemProxy */ = {
			isa = PBXContainerItemProxy;
			containerPortal = 04BB8A492907FACB00CAD4E5 /* Project object */;
			proxyType = 1;
			remoteGlobalIDString = 04BB8A502907FACB00CAD4E5;
			remoteInfo = Survey;
		};
		043A1197290AFE7700F53F4B /* PBXContainerItemProxy */ = {
			isa = PBXContainerItemProxy;
			containerPortal = 04BB8A492907FACB00CAD4E5 /* Project object */;
			proxyType = 1;
			remoteGlobalIDString = 04BB8A502907FACB00CAD4E5;
			remoteInfo = Survey;
		};
/* End PBXContainerItemProxy section */

/* Begin PBXFileReference section */
		042B06B3290924AF00477605 /* Info.plist */ = {isa = PBXFileReference; fileEncoding = 4; lastKnownFileType = text.plist.xml; path = Info.plist; sourceTree = "<group>"; };
		043A1183290AFE4700F53F4B /* SurveyUnitTests.xctest */ = {isa = PBXFileReference; explicitFileType = wrapper.cfbundle; includeInIndex = 0; path = SurveyUnitTests.xctest; sourceTree = BUILT_PRODUCTS_DIR; };
		043A1185290AFE4700F53F4B /* SurveyUnitTests.swift */ = {isa = PBXFileReference; lastKnownFileType = sourcecode.swift; path = SurveyUnitTests.swift; sourceTree = "<group>"; };
		043A1191290AFE7700F53F4B /* SurveyUITests.xctest */ = {isa = PBXFileReference; explicitFileType = wrapper.cfbundle; includeInIndex = 0; path = SurveyUITests.xctest; sourceTree = BUILT_PRODUCTS_DIR; };
		043A1193290AFE7700F53F4B /* SurveyUITests.swift */ = {isa = PBXFileReference; lastKnownFileType = sourcecode.swift; path = SurveyUITests.swift; sourceTree = "<group>"; };
		046E731C2918BE3C004DAB41 /* LoginViewModel.swift */ = {isa = PBXFileReference; lastKnownFileType = sourcecode.swift; path = LoginViewModel.swift; sourceTree = "<group>"; };
		047130AD2913863900E83A9A /* ColorResource.swift */ = {isa = PBXFileReference; lastKnownFileType = sourcecode.swift; path = ColorResource.swift; sourceTree = "<group>"; };
		047130B02913A5F800E83A9A /* NeuzeitSLTStd-Book.otf */ = {isa = PBXFileReference; lastKnownFileType = file; path = "NeuzeitSLTStd-Book.otf"; sourceTree = "<group>"; };
		047130B22913A67D00E83A9A /* FontResource.swift */ = {isa = PBXFileReference; lastKnownFileType = sourcecode.swift; path = FontResource.swift; sourceTree = "<group>"; };
		047130B42913A7BA00E83A9A /* NeuzeitSLTStd-BookHeavy.otf */ = {isa = PBXFileReference; lastKnownFileType = file; path = "NeuzeitSLTStd-BookHeavy.otf"; sourceTree = "<group>"; };
		047130B72913B9E200E83A9A /* EntryViewType.swift */ = {isa = PBXFileReference; lastKnownFileType = sourcecode.swift; path = EntryViewType.swift; sourceTree = "<group>"; };
		047130BF2913BF6600E83A9A /* EmailTextField.swift */ = {isa = PBXFileReference; lastKnownFileType = sourcecode.swift; path = EmailTextField.swift; sourceTree = "<group>"; };
		047130C52913C15E00E83A9A /* en */ = {isa = PBXFileReference; lastKnownFileType = text.plist.strings; name = en; path = en.lproj/Localizable.strings; sourceTree = "<group>"; };
		047130C72913C31100E83A9A /* String+Extension.swift */ = {isa = PBXFileReference; lastKnownFileType = sourcecode.swift; path = "String+Extension.swift"; sourceTree = "<group>"; };
		047130C92913C4DC00E83A9A /* PasswordSecureTextField.swift */ = {isa = PBXFileReference; lastKnownFileType = sourcecode.swift; path = PasswordSecureTextField.swift; sourceTree = "<group>"; };
		047130CC2913C64A00E83A9A /* LoginButton.swift */ = {isa = PBXFileReference; lastKnownFileType = sourcecode.swift; path = LoginButton.swift; sourceTree = "<group>"; };
		047130CF2913C96700E83A9A /* SplashView.swift */ = {isa = PBXFileReference; lastKnownFileType = sourcecode.swift; path = SplashView.swift; sourceTree = "<group>"; };
		047B28E5290A772A005D615C /* ImageResource.swift */ = {isa = PBXFileReference; lastKnownFileType = sourcecode.swift; path = ImageResource.swift; sourceTree = "<group>"; };
		048FC2C6291283D000B52907 /* EntryViewModel.swift */ = {isa = PBXFileReference; lastKnownFileType = sourcecode.swift; path = EntryViewModel.swift; sourceTree = "<group>"; };
		048FC2C829128A6300B52907 /* AnimationCompletionObserverModifier.swift */ = {isa = PBXFileReference; lastKnownFileType = sourcecode.swift; path = AnimationCompletionObserverModifier.swift; sourceTree = "<group>"; };
		048FC2CA29128AF600B52907 /* View+Extension.swift */ = {isa = PBXFileReference; lastKnownFileType = sourcecode.swift; path = "View+Extension.swift"; sourceTree = "<group>"; };
		048FC2CD29128C3A00B52907 /* LoginView.swift */ = {isa = PBXFileReference; lastKnownFileType = sourcecode.swift; path = LoginView.swift; sourceTree = "<group>"; };
		0492B7C92915005E00D8E1D2 /* LoginTokenApi.swift */ = {isa = PBXFileReference; lastKnownFileType = sourcecode.swift; path = LoginTokenApi.swift; sourceTree = "<group>"; };
		0492B7CC291501DF00D8E1D2 /* LoginToken.swift */ = {isa = PBXFileReference; lastKnownFileType = sourcecode.swift; path = LoginToken.swift; sourceTree = "<group>"; };
		0492B7D02915066C00D8E1D2 /* LoginUseCaseProtocol.swift */ = {isa = PBXFileReference; lastKnownFileType = sourcecode.swift; path = LoginUseCaseProtocol.swift; sourceTree = "<group>"; };
		0492B7D22915068700D8E1D2 /* LoginUseCase.swift */ = {isa = PBXFileReference; lastKnownFileType = sourcecode.swift; path = LoginUseCase.swift; sourceTree = "<group>"; };
		0492B7D52915089A00D8E1D2 /* LoginRepository.swift */ = {isa = PBXFileReference; lastKnownFileType = sourcecode.swift; path = LoginRepository.swift; sourceTree = "<group>"; };
		0492B7D92915092800D8E1D2 /* LoginRepositoryProtocol.swift */ = {isa = PBXFileReference; lastKnownFileType = sourcecode.swift; path = LoginRepositoryProtocol.swift; sourceTree = "<group>"; };
		0492B7DD2915102900D8E1D2 /* RequestConfiguration.swift */ = {isa = PBXFileReference; lastKnownFileType = sourcecode.swift; path = RequestConfiguration.swift; sourceTree = "<group>"; };
		0492B7DF291517C300D8E1D2 /* URLRequest+Extension.swift */ = {isa = PBXFileReference; lastKnownFileType = sourcecode.swift; path = "URLRequest+Extension.swift"; sourceTree = "<group>"; };
		0492B7E129151D0A00D8E1D2 /* NetworkAPIProtocol.swift */ = {isa = PBXFileReference; lastKnownFileType = sourcecode.swift; path = NetworkAPIProtocol.swift; sourceTree = "<group>"; };
		0492B7E3291524EB00D8E1D2 /* HTTPError.swift */ = {isa = PBXFileReference; lastKnownFileType = sourcecode.swift; path = HTTPError.swift; sourceTree = "<group>"; };
		0492B7E929152DBF00D8E1D2 /* LoginNetworkAPI.swift */ = {isa = PBXFileReference; lastKnownFileType = sourcecode.swift; path = LoginNetworkAPI.swift; sourceTree = "<group>"; };
		049F6F0F290B8D7C000C947F /* R.generated.swift */ = {isa = PBXFileReference; fileEncoding = 4; lastKnownFileType = sourcecode.swift; path = R.generated.swift; sourceTree = "<group>"; };
		049F6F12290B8EEA000C947F /* Typealiases.swift */ = {isa = PBXFileReference; lastKnownFileType = sourcecode.swift; path = Typealiases.swift; sourceTree = "<group>"; };
		049F6F16290B93B7000C947F /* OverlayView.swift */ = {isa = PBXFileReference; lastKnownFileType = sourcecode.swift; path = OverlayView.swift; sourceTree = "<group>"; };
		04B72310291BB307005AF05E /* APIRequestConfigurations.swift */ = {isa = PBXFileReference; lastKnownFileType = sourcecode.swift; path = APIRequestConfigurations.swift; sourceTree = "<group>"; };
		04BB8A512907FACB00CAD4E5 /* Survey.app */ = {isa = PBXFileReference; explicitFileType = wrapper.application; includeInIndex = 0; path = Survey.app; sourceTree = BUILT_PRODUCTS_DIR; };
		04BB8A542907FACC00CAD4E5 /* SurveyApp.swift */ = {isa = PBXFileReference; lastKnownFileType = sourcecode.swift; path = SurveyApp.swift; sourceTree = "<group>"; };
		04BB8A582907FACD00CAD4E5 /* Assets.xcassets */ = {isa = PBXFileReference; lastKnownFileType = folder.assetcatalog; path = Assets.xcassets; sourceTree = "<group>"; };
		04BB8A6D290802E600CAD4E5 /* EntryView.swift */ = {isa = PBXFileReference; lastKnownFileType = sourcecode.swift; path = EntryView.swift; sourceTree = "<group>"; };
		04C7A6652919416000EAA943 /* UIFont+Extension.swift */ = {isa = PBXFileReference; lastKnownFileType = sourcecode.swift; path = "UIFont+Extension.swift"; sourceTree = "<group>"; };
		04CD15D1291A1C98002D778E /* SurveyListView.swift */ = {isa = PBXFileReference; lastKnownFileType = sourcecode.swift; path = SurveyListView.swift; sourceTree = "<group>"; };
		04CD15D6291A2ADA002D778E /* AppScreenType.swift */ = {isa = PBXFileReference; lastKnownFileType = sourcecode.swift; path = AppScreenType.swift; sourceTree = "<group>"; };
		04CD15D8291A2B0B002D778E /* AppView.swift */ = {isa = PBXFileReference; lastKnownFileType = sourcecode.swift; path = AppView.swift; sourceTree = "<group>"; };
		04CD15DA291A2B43002D778E /* AppViewModel.swift */ = {isa = PBXFileReference; lastKnownFileType = sourcecode.swift; path = AppViewModel.swift; sourceTree = "<group>"; };
		04CD15DD291A4094002D778E /* KeychainHelper.swift */ = {isa = PBXFileReference; lastKnownFileType = sourcecode.swift; path = KeychainHelper.swift; sourceTree = "<group>"; };
		04CD15E1291A4FB5002D778E /* KeyChainConstants.swift */ = {isa = PBXFileReference; lastKnownFileType = sourcecode.swift; path = KeyChainConstants.swift; sourceTree = "<group>"; };
		04CD15E7291A7461002D778E /* ValidityChecker.swift */ = {isa = PBXFileReference; lastKnownFileType = sourcecode.swift; path = ValidityChecker.swift; sourceTree = "<group>"; };
		04E628FC29090A1E000032C8 /* Configuration.swift */ = {isa = PBXFileReference; lastKnownFileType = sourcecode.swift; path = Configuration.swift; sourceTree = "<group>"; };
		04E6290029090E15000032C8 /* Debug.xcconfig */ = {isa = PBXFileReference; lastKnownFileType = text.xcconfig; path = Debug.xcconfig; sourceTree = "<group>"; };
		04E6290129090E26000032C8 /* Staging.xcconfig */ = {isa = PBXFileReference; lastKnownFileType = text.xcconfig; path = Staging.xcconfig; sourceTree = "<group>"; };
		04E6290229090E3D000032C8 /* Production.xcconfig */ = {isa = PBXFileReference; lastKnownFileType = text.xcconfig; path = Production.xcconfig; sourceTree = "<group>"; };
		04FCA4C6291009EC009F3513 /* GoogleService-Info.plist */ = {isa = PBXFileReference; fileEncoding = 4; lastKnownFileType = text.plist.xml; path = "GoogleService-Info.plist"; sourceTree = "<group>"; };
		1E99DEB6EBC0FFEEBD980C4F /* Pods_Survey_SurveyUITests.framework */ = {isa = PBXFileReference; explicitFileType = wrapper.framework; includeInIndex = 0; path = Pods_Survey_SurveyUITests.framework; sourceTree = BUILT_PRODUCTS_DIR; };
		3D4E09C3B0D7B286C3B3A59B /* Pods-Survey-SurveyUITests.staging.xcconfig */ = {isa = PBXFileReference; includeInIndex = 1; lastKnownFileType = text.xcconfig; name = "Pods-Survey-SurveyUITests.staging.xcconfig"; path = "Target Support Files/Pods-Survey-SurveyUITests/Pods-Survey-SurveyUITests.staging.xcconfig"; sourceTree = "<group>"; };
		5661B33393EDE59046BD72D2 /* Pods-SurveyUnitTests.production.xcconfig */ = {isa = PBXFileReference; includeInIndex = 1; lastKnownFileType = text.xcconfig; name = "Pods-SurveyUnitTests.production.xcconfig"; path = "Target Support Files/Pods-SurveyUnitTests/Pods-SurveyUnitTests.production.xcconfig"; sourceTree = "<group>"; };
		5D4C1C8860071D56E9F66342 /* Pods-Survey-SurveyUITests.production.xcconfig */ = {isa = PBXFileReference; includeInIndex = 1; lastKnownFileType = text.xcconfig; name = "Pods-Survey-SurveyUITests.production.xcconfig"; path = "Target Support Files/Pods-Survey-SurveyUITests/Pods-Survey-SurveyUITests.production.xcconfig"; sourceTree = "<group>"; };
		630D177C410934EE037BE852 /* Pods-SurveyUnitTests.staging.xcconfig */ = {isa = PBXFileReference; includeInIndex = 1; lastKnownFileType = text.xcconfig; name = "Pods-SurveyUnitTests.staging.xcconfig"; path = "Target Support Files/Pods-SurveyUnitTests/Pods-SurveyUnitTests.staging.xcconfig"; sourceTree = "<group>"; };
		7BF33291D6447BC60A34F59C /* Pods_SurveyUnitTests.framework */ = {isa = PBXFileReference; explicitFileType = wrapper.framework; includeInIndex = 0; path = Pods_SurveyUnitTests.framework; sourceTree = BUILT_PRODUCTS_DIR; };
		8B8B03DE148CAF58B57D2F69 /* Pods-SurveyUnitTests.debug.xcconfig */ = {isa = PBXFileReference; includeInIndex = 1; lastKnownFileType = text.xcconfig; name = "Pods-SurveyUnitTests.debug.xcconfig"; path = "Target Support Files/Pods-SurveyUnitTests/Pods-SurveyUnitTests.debug.xcconfig"; sourceTree = "<group>"; };
		8D4C6E57CED78524A86770EC /* Pods_Survey.framework */ = {isa = PBXFileReference; explicitFileType = wrapper.framework; includeInIndex = 0; path = Pods_Survey.framework; sourceTree = BUILT_PRODUCTS_DIR; };
		C137B7F97CA5A841E45593D8 /* Pods-Survey.debug.xcconfig */ = {isa = PBXFileReference; includeInIndex = 1; lastKnownFileType = text.xcconfig; name = "Pods-Survey.debug.xcconfig"; path = "Target Support Files/Pods-Survey/Pods-Survey.debug.xcconfig"; sourceTree = "<group>"; };
		C847CDA9C0E333F62F214D42 /* Pods-Survey-SurveyUITests.debug.xcconfig */ = {isa = PBXFileReference; includeInIndex = 1; lastKnownFileType = text.xcconfig; name = "Pods-Survey-SurveyUITests.debug.xcconfig"; path = "Target Support Files/Pods-Survey-SurveyUITests/Pods-Survey-SurveyUITests.debug.xcconfig"; sourceTree = "<group>"; };
		F18D2573F57D4D19DD34C280 /* Pods-Survey.staging.xcconfig */ = {isa = PBXFileReference; includeInIndex = 1; lastKnownFileType = text.xcconfig; name = "Pods-Survey.staging.xcconfig"; path = "Target Support Files/Pods-Survey/Pods-Survey.staging.xcconfig"; sourceTree = "<group>"; };
		F7A19D57F63655CE3E0936FA /* Pods-Survey.production.xcconfig */ = {isa = PBXFileReference; includeInIndex = 1; lastKnownFileType = text.xcconfig; name = "Pods-Survey.production.xcconfig"; path = "Target Support Files/Pods-Survey/Pods-Survey.production.xcconfig"; sourceTree = "<group>"; };
/* End PBXFileReference section */

/* Begin PBXFrameworksBuildPhase section */
		043A1180290AFE4700F53F4B /* Frameworks */ = {
			isa = PBXFrameworksBuildPhase;
			buildActionMask = 2147483647;
			files = (
				C8DFF50631C1B3E35591A760 /* Pods_SurveyUnitTests.framework in Frameworks */,
			);
			runOnlyForDeploymentPostprocessing = 0;
		};
		043A118E290AFE7700F53F4B /* Frameworks */ = {
			isa = PBXFrameworksBuildPhase;
			buildActionMask = 2147483647;
			files = (
				BBE54A6504DC96FF37ED3FF6 /* Pods_Survey_SurveyUITests.framework in Frameworks */,
			);
			runOnlyForDeploymentPostprocessing = 0;
		};
		04BB8A4E2907FACB00CAD4E5 /* Frameworks */ = {
			isa = PBXFrameworksBuildPhase;
			buildActionMask = 2147483647;
			files = (
				B2EDBB866438B03BA3972F58 /* Pods_Survey.framework in Frameworks */,
				04CD15D5291A2AAE002D778E /* FlowStacks in Frameworks */,
			);
			runOnlyForDeploymentPostprocessing = 0;
		};
/* End PBXFrameworksBuildPhase section */

/* Begin PBXGroup section */
		042B06B02909241700477605 /* Plists */ = {
			isa = PBXGroup;
			children = (
				04FCA4C6291009EC009F3513 /* GoogleService-Info.plist */,
				042B06B3290924AF00477605 /* Info.plist */,
			);
			path = Plists;
			sourceTree = "<group>";
		};
		043A1184290AFE4700F53F4B /* SurveyUnitTests */ = {
			isa = PBXGroup;
			children = (
				043A1185290AFE4700F53F4B /* SurveyUnitTests.swift */,
			);
			path = SurveyUnitTests;
			sourceTree = "<group>";
		};
		043A1192290AFE7700F53F4B /* SurveyUITests */ = {
			isa = PBXGroup;
			children = (
				043A1193290AFE7700F53F4B /* SurveyUITests.swift */,
			);
			path = SurveyUITests;
			sourceTree = "<group>";
		};
		047130AF2913A5C500E83A9A /* Fonts */ = {
			isa = PBXGroup;
			children = (
				047130B42913A7BA00E83A9A /* NeuzeitSLTStd-BookHeavy.otf */,
				047130B02913A5F800E83A9A /* NeuzeitSLTStd-Book.otf */,
			);
			path = Fonts;
			sourceTree = "<group>";
		};
		047130B62913B9C800E83A9A /* Constants */ = {
			isa = PBXGroup;
			children = (
				047130B72913B9E200E83A9A /* EntryViewType.swift */,
			);
			path = Constants;
			sourceTree = "<group>";
		};
		047130BE2913BF4900E83A9A /* TextFields */ = {
			isa = PBXGroup;
			children = (
				047130BF2913BF6600E83A9A /* EmailTextField.swift */,
				047130C92913C4DC00E83A9A /* PasswordSecureTextField.swift */,
			);
			path = TextFields;
			sourceTree = "<group>";
		};
		047130C12913C12900E83A9A /* LocalizedStrings */ = {
			isa = PBXGroup;
			children = (
				047130C62913C15E00E83A9A /* Localizable.strings */,
			);
			path = LocalizedStrings;
			sourceTree = "<group>";
		};
		047130CB2913C63400E83A9A /* Buttons */ = {
			isa = PBXGroup;
			children = (
				047130CC2913C64A00E83A9A /* LoginButton.swift */,
			);
			path = Buttons;
			sourceTree = "<group>";
		};
		047130CE2913C95700E83A9A /* Splash */ = {
			isa = PBXGroup;
			children = (
				047130CF2913C96700E83A9A /* SplashView.swift */,
			);
			path = Splash;
			sourceTree = "<group>";
		};
		048FC2CC29128C0100B52907 /* Login */ = {
			isa = PBXGroup;
			children = (
				048FC2CD29128C3A00B52907 /* LoginView.swift */,
				046E731C2918BE3C004DAB41 /* LoginViewModel.swift */,
			);
			path = Login;
			sourceTree = "<group>";
		};
		0492B7C52914FA0A00D8E1D2 /* Data */ = {
			isa = PBXGroup;
			children = (
				0492B7DB29150A9E00D8E1D2 /* NetworkAPI */,
				0492B7D42915088400D8E1D2 /* Repositories */,
				0492B7CB2915017100D8E1D2 /* Models */,
			);
			path = Data;
			sourceTree = "<group>";
		};
		0492B7C62914FFC800D8E1D2 /* Domain */ = {
			isa = PBXGroup;
			children = (
				0492B7D72915090100D8E1D2 /* Interfaces */,
				0492B7CE2915062200D8E1D2 /* UseCases */,
				0492B7C72914FFFA00D8E1D2 /* Entities */,
			);
			path = Domain;
			sourceTree = "<group>";
		};
		0492B7C72914FFFA00D8E1D2 /* Entities */ = {
			isa = PBXGroup;
			children = (
				0492B7CC291501DF00D8E1D2 /* LoginToken.swift */,
			);
			path = Entities;
			sourceTree = "<group>";
		};
		0492B7CB2915017100D8E1D2 /* Models */ = {
			isa = PBXGroup;
			children = (
				0492B7C92915005E00D8E1D2 /* LoginTokenApi.swift */,
			);
			path = Models;
			sourceTree = "<group>";
		};
		0492B7CE2915062200D8E1D2 /* UseCases */ = {
			isa = PBXGroup;
			children = (
				0492B7CF2915064E00D8E1D2 /* Login */,
			);
			path = UseCases;
			sourceTree = "<group>";
		};
		0492B7CF2915064E00D8E1D2 /* Login */ = {
			isa = PBXGroup;
			children = (
				0492B7D02915066C00D8E1D2 /* LoginUseCaseProtocol.swift */,
				0492B7D22915068700D8E1D2 /* LoginUseCase.swift */,
			);
			path = Login;
			sourceTree = "<group>";
		};
		0492B7D42915088400D8E1D2 /* Repositories */ = {
			isa = PBXGroup;
			children = (
				0492B7D52915089A00D8E1D2 /* LoginRepository.swift */,
			);
			path = Repositories;
			sourceTree = "<group>";
		};
		0492B7D72915090100D8E1D2 /* Interfaces */ = {
			isa = PBXGroup;
			children = (
				0492B7D82915090E00D8E1D2 /* Login */,
			);
			path = Interfaces;
			sourceTree = "<group>";
		};
		0492B7D82915090E00D8E1D2 /* Login */ = {
			isa = PBXGroup;
			children = (
				0492B7D92915092800D8E1D2 /* LoginRepositoryProtocol.swift */,
			);
			path = Login;
			sourceTree = "<group>";
		};
		0492B7DB29150A9E00D8E1D2 /* NetworkAPI */ = {
			isa = PBXGroup;
			children = (
				0492B7E829152D9500D8E1D2 /* NetworkConfigurations */,
				0492B7E52915257800D8E1D2 /* RequestConfigurations */,
				0492B7DC29150AD600D8E1D2 /* Core */,
			);
			path = NetworkAPI;
			sourceTree = "<group>";
		};
		0492B7DC29150AD600D8E1D2 /* Core */ = {
			isa = PBXGroup;
			children = (
				0492B7DD2915102900D8E1D2 /* RequestConfiguration.swift */,
				0492B7E129151D0A00D8E1D2 /* NetworkAPIProtocol.swift */,
				0492B7E3291524EB00D8E1D2 /* HTTPError.swift */,
				04B72310291BB307005AF05E /* APIRequest.swift */,
			);
			path = Core;
			sourceTree = "<group>";
		};
		0492B7E52915257800D8E1D2 /* RequestConfigurations */ = {
			isa = PBXGroup;
			children = (
				04B72310291BB307005AF05E /* APIRequestConfigurations.swift */,
			);
			path = RequestConfigurations;
			sourceTree = "<group>";
		};
		0492B7E829152D9500D8E1D2 /* NetworkConfigurations */ = {
			isa = PBXGroup;
			children = (
				0492B7E929152DBF00D8E1D2 /* LoginNetworkAPI.swift */,
			);
			path = NetworkConfigurations;
			sourceTree = "<group>";
		};
		049F6F0B290B870C000C947F /* Supports */ = {
			isa = PBXGroup;
			children = (
				04CD15DF291A4F98002D778E /* Constants */,
				049F6F0D290B871E000C947F /* Helper */,
				049F6F0C290B8717000C947F /* Extensions */,
			);
			path = Supports;
			sourceTree = "<group>";
		};
		049F6F0C290B8717000C947F /* Extensions */ = {
			isa = PBXGroup;
			children = (
				048FC2C829128A6300B52907 /* AnimationCompletionObserverModifier.swift */,
				048FC2CA29128AF600B52907 /* View+Extension.swift */,
				047130C72913C31100E83A9A /* String+Extension.swift */,
				04C7A6652919416000EAA943 /* UIFont+Extension.swift */,
				0492B7DF291517C300D8E1D2 /* URLRequest+Extension.swift */,
			);
			path = Extensions;
			sourceTree = "<group>";
		};
		049F6F0D290B871E000C947F /* Helper */ = {
			isa = PBXGroup;
			children = (
				04CD15E6291A714A002D778E /* ValidityChecker */,
				04CD15DC291A3EF9002D778E /* KeyChain */,
				049F6F11290B8EDA000C947F /* Typealiases */,
				049F6F0E290B873A000C947F /* Rswift */,
			);
			path = Helper;
			sourceTree = "<group>";
		};
		049F6F0E290B873A000C947F /* Rswift */ = {
			isa = PBXGroup;
			children = (
				049F6F0F290B8D7C000C947F /* R.generated.swift */,
			);
			path = Rswift;
			sourceTree = "<group>";
		};
		049F6F11290B8EDA000C947F /* Typealiases */ = {
			isa = PBXGroup;
			children = (
				049F6F12290B8EEA000C947F /* Typealiases.swift */,
			);
			path = Typealiases;
			sourceTree = "<group>";
		};
		049F6F14290B939B000C947F /* Views */ = {
			isa = PBXGroup;
			children = (
				047130CE2913C95700E83A9A /* Splash */,
				047130CB2913C63400E83A9A /* Buttons */,
				047130BE2913BF4900E83A9A /* TextFields */,
				049F6F15290B93A4000C947F /* Overlay */,
			);
			path = Views;
			sourceTree = "<group>";
		};
		049F6F15290B93A4000C947F /* Overlay */ = {
			isa = PBXGroup;
			children = (
				049F6F16290B93B7000C947F /* OverlayView.swift */,
			);
			path = Overlay;
			sourceTree = "<group>";
		};
		04BB8A482907FACB00CAD4E5 = {
			isa = PBXGroup;
			children = (
				043A1184290AFE4700F53F4B /* SurveyUnitTests */,
				043A1192290AFE7700F53F4B /* SurveyUITests */,
				04BB8A522907FACB00CAD4E5 /* Products */,
				04BB8A532907FACC00CAD4E5 /* Survey */,
				C5F9CEB4F9EA676AEE421228 /* Pods */,
				D356919A433BE31656F2EF11 /* Frameworks */,
			);
			sourceTree = "<group>";
		};
		04BB8A522907FACB00CAD4E5 /* Products */ = {
			isa = PBXGroup;
			children = (
				04BB8A512907FACB00CAD4E5 /* Survey.app */,
				043A1183290AFE4700F53F4B /* SurveyUnitTests.xctest */,
				043A1191290AFE7700F53F4B /* SurveyUITests.xctest */,
			);
			name = Products;
			sourceTree = "<group>";
		};
		04BB8A532907FACC00CAD4E5 /* Survey */ = {
			isa = PBXGroup;
			children = (
				04BB8A622907FCCB00CAD4E5 /* Configurations */,
				04BB8A642907FCE400CAD4E5 /* Resources */,
				04BB8A632907FCDC00CAD4E5 /* Sources */,
			);
			path = Survey;
			sourceTree = "<group>";
		};
		04BB8A622907FCCB00CAD4E5 /* Configurations */ = {
			isa = PBXGroup;
			children = (
				042B06B02909241700477605 /* Plists */,
				04E628F32909003D000032C8 /* XCConfigs */,
				04E628FC29090A1E000032C8 /* Configuration.swift */,
			);
			path = Configurations;
			sourceTree = "<group>";
		};
		04BB8A632907FCDC00CAD4E5 /* Sources */ = {
			isa = PBXGroup;
			children = (
				0492B7C62914FFC800D8E1D2 /* Domain */,
				0492B7C52914FA0A00D8E1D2 /* Data */,
				049F6F0B290B870C000C947F /* Supports */,
				04BB8A6B2908027300CAD4E5 /* Presentation */,
				04BB8A67290801F700CAD4E5 /* Application */,
			);
			path = Sources;
			sourceTree = "<group>";
		};
		04BB8A642907FCE400CAD4E5 /* Resources */ = {
			isa = PBXGroup;
			children = (
				047130C12913C12900E83A9A /* LocalizedStrings */,
				047130AF2913A5C500E83A9A /* Fonts */,
				04BB8A652907FF8600CAD4E5 /* Assets */,
				047B28E5290A772A005D615C /* ImageResource.swift */,
				047130AD2913863900E83A9A /* ColorResource.swift */,
				047130B22913A67D00E83A9A /* FontResource.swift */,
			);
			path = Resources;
			sourceTree = "<group>";
		};
		04BB8A652907FF8600CAD4E5 /* Assets */ = {
			isa = PBXGroup;
			children = (
				04BB8A582907FACD00CAD4E5 /* Assets.xcassets */,
			);
			path = Assets;
			sourceTree = "<group>";
		};
		04BB8A662908018700CAD4E5 /* Modules */ = {
			isa = PBXGroup;
			children = (
				04CD15D0291A1C2B002D778E /* SurveyList */,
				048FC2CC29128C0100B52907 /* Login */,
				04BB8A6C2908029E00CAD4E5 /* Entry */,
			);
			path = Modules;
			sourceTree = "<group>";
		};
		04BB8A67290801F700CAD4E5 /* Application */ = {
			isa = PBXGroup;
			children = (
				04BB8A542907FACC00CAD4E5 /* SurveyApp.swift */,
				04CD15D6291A2ADA002D778E /* AppScreenType.swift */,
				04CD15D8291A2B0B002D778E /* AppView.swift */,
				04CD15DA291A2B43002D778E /* AppViewModel.swift */,
			);
			path = Application;
			sourceTree = "<group>";
		};
		04BB8A6B2908027300CAD4E5 /* Presentation */ = {
			isa = PBXGroup;
			children = (
				047130B62913B9C800E83A9A /* Constants */,
				049F6F14290B939B000C947F /* Views */,
				04BB8A662908018700CAD4E5 /* Modules */,
			);
			path = Presentation;
			sourceTree = "<group>";
		};
		04BB8A6C2908029E00CAD4E5 /* Entry */ = {
			isa = PBXGroup;
			children = (
				04BB8A6D290802E600CAD4E5 /* EntryView.swift */,
				048FC2C6291283D000B52907 /* EntryViewModel.swift */,
			);
			path = Entry;
			sourceTree = "<group>";
		};
		04CD15D0291A1C2B002D778E /* SurveyList */ = {
			isa = PBXGroup;
			children = (
				04CD15D1291A1C98002D778E /* SurveyListView.swift */,
			);
			path = SurveyList;
			sourceTree = "<group>";
		};
		04CD15DC291A3EF9002D778E /* KeyChain */ = {
			isa = PBXGroup;
			children = (
				04CD15DD291A4094002D778E /* KeychainHelper.swift */,
			);
			path = KeyChain;
			sourceTree = "<group>";
		};
		04CD15DF291A4F98002D778E /* Constants */ = {
			isa = PBXGroup;
			children = (
				04CD15E1291A4FB5002D778E /* KeyChainConstants.swift */,
			);
			path = Constants;
			sourceTree = "<group>";
		};
		04CD15E6291A714A002D778E /* ValidityChecker */ = {
			isa = PBXGroup;
			children = (
				04CD15E7291A7461002D778E /* ValidityChecker.swift */,
			);
			path = ValidityChecker;
			sourceTree = "<group>";
		};
		04E628F32909003D000032C8 /* XCConfigs */ = {
			isa = PBXGroup;
			children = (
				04E6290029090E15000032C8 /* Debug.xcconfig */,
				04E6290129090E26000032C8 /* Staging.xcconfig */,
				04E6290229090E3D000032C8 /* Production.xcconfig */,
			);
			path = XCConfigs;
			sourceTree = "<group>";
		};
		C5F9CEB4F9EA676AEE421228 /* Pods */ = {
			isa = PBXGroup;
			children = (
				C137B7F97CA5A841E45593D8 /* Pods-Survey.debug.xcconfig */,
				F18D2573F57D4D19DD34C280 /* Pods-Survey.staging.xcconfig */,
				F7A19D57F63655CE3E0936FA /* Pods-Survey.production.xcconfig */,
				C847CDA9C0E333F62F214D42 /* Pods-Survey-SurveyUITests.debug.xcconfig */,
				3D4E09C3B0D7B286C3B3A59B /* Pods-Survey-SurveyUITests.staging.xcconfig */,
				5D4C1C8860071D56E9F66342 /* Pods-Survey-SurveyUITests.production.xcconfig */,
				8B8B03DE148CAF58B57D2F69 /* Pods-SurveyUnitTests.debug.xcconfig */,
				630D177C410934EE037BE852 /* Pods-SurveyUnitTests.staging.xcconfig */,
				5661B33393EDE59046BD72D2 /* Pods-SurveyUnitTests.production.xcconfig */,
			);
			path = Pods;
			sourceTree = "<group>";
		};
		D356919A433BE31656F2EF11 /* Frameworks */ = {
			isa = PBXGroup;
			children = (
				8D4C6E57CED78524A86770EC /* Pods_Survey.framework */,
				1E99DEB6EBC0FFEEBD980C4F /* Pods_Survey_SurveyUITests.framework */,
				7BF33291D6447BC60A34F59C /* Pods_SurveyUnitTests.framework */,
			);
			name = Frameworks;
			sourceTree = "<group>";
		};
/* End PBXGroup section */

/* Begin PBXNativeTarget section */
		043A1182290AFE4700F53F4B /* SurveyUnitTests */ = {
			isa = PBXNativeTarget;
			buildConfigurationList = 043A1189290AFE4700F53F4B /* Build configuration list for PBXNativeTarget "SurveyUnitTests" */;
			buildPhases = (
				15441107E65B5D59138B894D /* [CP] Check Pods Manifest.lock */,
				043A117F290AFE4700F53F4B /* Sources */,
				043A1180290AFE4700F53F4B /* Frameworks */,
				043A1181290AFE4700F53F4B /* Resources */,
				E0DD263404B88994A4C978AF /* [CP] Embed Pods Frameworks */,
			);
			buildRules = (
			);
			dependencies = (
				043A1188290AFE4700F53F4B /* PBXTargetDependency */,
			);
			name = SurveyUnitTests;
			productName = SurveyUnitTests;
			productReference = 043A1183290AFE4700F53F4B /* SurveyUnitTests.xctest */;
			productType = "com.apple.product-type.bundle.unit-test";
		};
		043A1190290AFE7700F53F4B /* SurveyUITests */ = {
			isa = PBXNativeTarget;
			buildConfigurationList = 043A1199290AFE7700F53F4B /* Build configuration list for PBXNativeTarget "SurveyUITests" */;
			buildPhases = (
				C42684E0A3D5DF4968EF35EC /* [CP] Check Pods Manifest.lock */,
				043A118D290AFE7700F53F4B /* Sources */,
				043A118E290AFE7700F53F4B /* Frameworks */,
				043A118F290AFE7700F53F4B /* Resources */,
				04E3DD7CF9F89BEE5156A693 /* [CP] Embed Pods Frameworks */,
			);
			buildRules = (
			);
			dependencies = (
				043A1198290AFE7700F53F4B /* PBXTargetDependency */,
			);
			name = SurveyUITests;
			productName = SurveyUITests;
			productReference = 043A1191290AFE7700F53F4B /* SurveyUITests.xctest */;
			productType = "com.apple.product-type.bundle.ui-testing";
		};
		04BB8A502907FACB00CAD4E5 /* Survey */ = {
			isa = PBXNativeTarget;
			buildConfigurationList = 04BB8A5F2907FACD00CAD4E5 /* Build configuration list for PBXNativeTarget "Survey" */;
			buildPhases = (
				229CD0371E0F2FC88459D0C0 /* [CP] Check Pods Manifest.lock */,
				049F6F0A290B85C2000C947F /* Rswift */,
				04BB8A4D2907FACB00CAD4E5 /* Sources */,
				04BB8A4E2907FACB00CAD4E5 /* Frameworks */,
				04BB8A4F2907FACB00CAD4E5 /* Resources */,
				4FE6627B76FDA79A76520114 /* [CP] Embed Pods Frameworks */,
				042B06B529092A1800477605 /* Swift Format */,
				042B06B629092A6B00477605 /* Swift Lint */,
			);
			buildRules = (
			);
			dependencies = (
			);
			name = Survey;
			packageProductDependencies = (
				04CD15D4291A2AAE002D778E /* FlowStacks */,
			);
			productName = Survey;
			productReference = 04BB8A512907FACB00CAD4E5 /* Survey.app */;
			productType = "com.apple.product-type.application";
		};
/* End PBXNativeTarget section */

/* Begin PBXProject section */
		04BB8A492907FACB00CAD4E5 /* Project object */ = {
			isa = PBXProject;
			attributes = {
				BuildIndependentTargetsInParallel = 1;
				LastSwiftUpdateCheck = 1400;
				LastUpgradeCheck = 1400;
				TargetAttributes = {
					043A1182290AFE4700F53F4B = {
						CreatedOnToolsVersion = 14.0.1;
						TestTargetID = 04BB8A502907FACB00CAD4E5;
					};
					043A1190290AFE7700F53F4B = {
						CreatedOnToolsVersion = 14.0.1;
						TestTargetID = 04BB8A502907FACB00CAD4E5;
					};
					04BB8A502907FACB00CAD4E5 = {
						CreatedOnToolsVersion = 14.0.1;
					};
				};
			};
			buildConfigurationList = 04BB8A4C2907FACB00CAD4E5 /* Build configuration list for PBXProject "Survey" */;
			compatibilityVersion = "Xcode 14.0";
			developmentRegion = en;
			hasScannedForEncodings = 0;
			knownRegions = (
				en,
				Base,
			);
			mainGroup = 04BB8A482907FACB00CAD4E5;
			packageReferences = (
				04CD15D3291A2AAE002D778E /* XCRemoteSwiftPackageReference "FlowStacks" */,
			);
			productRefGroup = 04BB8A522907FACB00CAD4E5 /* Products */;
			projectDirPath = "";
			projectRoot = "";
			targets = (
				04BB8A502907FACB00CAD4E5 /* Survey */,
				043A1182290AFE4700F53F4B /* SurveyUnitTests */,
				043A1190290AFE7700F53F4B /* SurveyUITests */,
			);
		};
/* End PBXProject section */

/* Begin PBXResourcesBuildPhase section */
		043A1181290AFE4700F53F4B /* Resources */ = {
			isa = PBXResourcesBuildPhase;
			buildActionMask = 2147483647;
			files = (
				04FCA4C8291009EC009F3513 /* GoogleService-Info.plist in Resources */,
			);
			runOnlyForDeploymentPostprocessing = 0;
		};
		043A118F290AFE7700F53F4B /* Resources */ = {
			isa = PBXResourcesBuildPhase;
			buildActionMask = 2147483647;
			files = (
				04FCA4C9291009EC009F3513 /* GoogleService-Info.plist in Resources */,
			);
			runOnlyForDeploymentPostprocessing = 0;
		};
		04BB8A4F2907FACB00CAD4E5 /* Resources */ = {
			isa = PBXResourcesBuildPhase;
			buildActionMask = 2147483647;
			files = (
				047130C42913C15E00E83A9A /* Localizable.strings in Resources */,
				047130B12913A5F800E83A9A /* NeuzeitSLTStd-Book.otf in Resources */,
				047130B52913A7BA00E83A9A /* NeuzeitSLTStd-BookHeavy.otf in Resources */,
				04BB8A592907FACD00CAD4E5 /* Assets.xcassets in Resources */,
				04FCA4C7291009EC009F3513 /* GoogleService-Info.plist in Resources */,
			);
			runOnlyForDeploymentPostprocessing = 0;
		};
/* End PBXResourcesBuildPhase section */

/* Begin PBXShellScriptBuildPhase section */
		042B06B529092A1800477605 /* Swift Format */ = {
			isa = PBXShellScriptBuildPhase;
			buildActionMask = 8;
			files = (
			);
			inputFileListPaths = (
			);
			inputPaths = (
			);
			name = "Swift Format";
			outputFileListPaths = (
			);
			outputPaths = (
			);
			runOnlyForDeploymentPostprocessing = 1;
			shellPath = /bin/sh;
			shellScript = "# Type a script or drag a script file from your workspace to insert its path.\nif [ \"${CONFIGURATION}\" = \"Debug\" ]; then\n  if which swiftformat >/dev/null; then\n    swiftformat .\n  else\n    echo \"warning: SwiftFormat not installed, download from https://github.com/nicklockwood/SwiftFormat\"\n  fi\nfi\n";
		};
		042B06B629092A6B00477605 /* Swift Lint */ = {
			isa = PBXShellScriptBuildPhase;
			buildActionMask = 8;
			files = (
			);
			inputFileListPaths = (
			);
			inputPaths = (
			);
			name = "Swift Lint";
			outputFileListPaths = (
			);
			outputPaths = (
			);
			runOnlyForDeploymentPostprocessing = 1;
			shellPath = /bin/sh;
			shellScript = "# Type a script or drag a script file from your workspace to insert its path.\nexport PATH=\"$PATH:/opt/homebrew/bin\"\nif [ \"${CONFIGURATION}\" = \"Debug\" ]; then\n  if which swiftlint > /dev/null; then\n    swiftlint\n  else\n    echo \"warning: SwiftLint not installed, download from https://github.com/realm/SwiftLint\"\n  fi\nfi\n";
		};
		049F6F0A290B85C2000C947F /* Rswift */ = {
			isa = PBXShellScriptBuildPhase;
			alwaysOutOfDate = 1;
			buildActionMask = 2147483647;
			files = (
			);
			inputFileListPaths = (
			);
			inputPaths = (
			);
			name = Rswift;
			outputFileListPaths = (
			);
			outputPaths = (
				$SRCROOT/$PROJECT_NAME/Sources/Supports/Helper/Rswift/R.generated.swift,
			);
			runOnlyForDeploymentPostprocessing = 0;
			shellPath = /bin/sh;
			shellScript = "# Type a script or drag a script file from your workspace to insert its path.\n\"$PODS_ROOT/R.swift/rswift\" generate \"$SRCROOT/$PROJECT_NAME/Sources/Supports/Helper/Rswift/R.generated.swift\"\n";
		};
		04E3DD7CF9F89BEE5156A693 /* [CP] Embed Pods Frameworks */ = {
			isa = PBXShellScriptBuildPhase;
			buildActionMask = 2147483647;
			files = (
			);
			inputFileListPaths = (
				"${PODS_ROOT}/Target Support Files/Pods-Survey-SurveyUITests/Pods-Survey-SurveyUITests-frameworks-${CONFIGURATION}-input-files.xcfilelist",
			);
			name = "[CP] Embed Pods Frameworks";
			outputFileListPaths = (
				"${PODS_ROOT}/Target Support Files/Pods-Survey-SurveyUITests/Pods-Survey-SurveyUITests-frameworks-${CONFIGURATION}-output-files.xcfilelist",
			);
			runOnlyForDeploymentPostprocessing = 0;
			shellPath = /bin/sh;
			shellScript = "\"${PODS_ROOT}/Target Support Files/Pods-Survey-SurveyUITests/Pods-Survey-SurveyUITests-frameworks.sh\"\n";
			showEnvVarsInLog = 0;
		};
		15441107E65B5D59138B894D /* [CP] Check Pods Manifest.lock */ = {
			isa = PBXShellScriptBuildPhase;
			buildActionMask = 2147483647;
			files = (
			);
			inputFileListPaths = (
			);
			inputPaths = (
				"${PODS_PODFILE_DIR_PATH}/Podfile.lock",
				"${PODS_ROOT}/Manifest.lock",
			);
			name = "[CP] Check Pods Manifest.lock";
			outputFileListPaths = (
			);
			outputPaths = (
				"$(DERIVED_FILE_DIR)/Pods-SurveyUnitTests-checkManifestLockResult.txt",
			);
			runOnlyForDeploymentPostprocessing = 0;
			shellPath = /bin/sh;
			shellScript = "diff \"${PODS_PODFILE_DIR_PATH}/Podfile.lock\" \"${PODS_ROOT}/Manifest.lock\" > /dev/null\nif [ $? != 0 ] ; then\n    # print error to STDERR\n    echo \"error: The sandbox is not in sync with the Podfile.lock. Run 'pod install' or update your CocoaPods installation.\" >&2\n    exit 1\nfi\n# This output is used by Xcode 'outputs' to avoid re-running this script phase.\necho \"SUCCESS\" > \"${SCRIPT_OUTPUT_FILE_0}\"\n";
			showEnvVarsInLog = 0;
		};
		229CD0371E0F2FC88459D0C0 /* [CP] Check Pods Manifest.lock */ = {
			isa = PBXShellScriptBuildPhase;
			buildActionMask = 2147483647;
			files = (
			);
			inputFileListPaths = (
			);
			inputPaths = (
				"${PODS_PODFILE_DIR_PATH}/Podfile.lock",
				"${PODS_ROOT}/Manifest.lock",
			);
			name = "[CP] Check Pods Manifest.lock";
			outputFileListPaths = (
			);
			outputPaths = (
				"$(DERIVED_FILE_DIR)/Pods-Survey-checkManifestLockResult.txt",
			);
			runOnlyForDeploymentPostprocessing = 0;
			shellPath = /bin/sh;
			shellScript = "diff \"${PODS_PODFILE_DIR_PATH}/Podfile.lock\" \"${PODS_ROOT}/Manifest.lock\" > /dev/null\nif [ $? != 0 ] ; then\n    # print error to STDERR\n    echo \"error: The sandbox is not in sync with the Podfile.lock. Run 'pod install' or update your CocoaPods installation.\" >&2\n    exit 1\nfi\n# This output is used by Xcode 'outputs' to avoid re-running this script phase.\necho \"SUCCESS\" > \"${SCRIPT_OUTPUT_FILE_0}\"\n";
			showEnvVarsInLog = 0;
		};
		4FE6627B76FDA79A76520114 /* [CP] Embed Pods Frameworks */ = {
			isa = PBXShellScriptBuildPhase;
			buildActionMask = 2147483647;
			files = (
			);
			inputFileListPaths = (
				"${PODS_ROOT}/Target Support Files/Pods-Survey/Pods-Survey-frameworks-${CONFIGURATION}-input-files.xcfilelist",
			);
			name = "[CP] Embed Pods Frameworks";
			outputFileListPaths = (
				"${PODS_ROOT}/Target Support Files/Pods-Survey/Pods-Survey-frameworks-${CONFIGURATION}-output-files.xcfilelist",
			);
			runOnlyForDeploymentPostprocessing = 0;
			shellPath = /bin/sh;
			shellScript = "\"${PODS_ROOT}/Target Support Files/Pods-Survey/Pods-Survey-frameworks.sh\"\n";
			showEnvVarsInLog = 0;
		};
		C42684E0A3D5DF4968EF35EC /* [CP] Check Pods Manifest.lock */ = {
			isa = PBXShellScriptBuildPhase;
			buildActionMask = 2147483647;
			files = (
			);
			inputFileListPaths = (
			);
			inputPaths = (
				"${PODS_PODFILE_DIR_PATH}/Podfile.lock",
				"${PODS_ROOT}/Manifest.lock",
			);
			name = "[CP] Check Pods Manifest.lock";
			outputFileListPaths = (
			);
			outputPaths = (
				"$(DERIVED_FILE_DIR)/Pods-Survey-SurveyUITests-checkManifestLockResult.txt",
			);
			runOnlyForDeploymentPostprocessing = 0;
			shellPath = /bin/sh;
			shellScript = "diff \"${PODS_PODFILE_DIR_PATH}/Podfile.lock\" \"${PODS_ROOT}/Manifest.lock\" > /dev/null\nif [ $? != 0 ] ; then\n    # print error to STDERR\n    echo \"error: The sandbox is not in sync with the Podfile.lock. Run 'pod install' or update your CocoaPods installation.\" >&2\n    exit 1\nfi\n# This output is used by Xcode 'outputs' to avoid re-running this script phase.\necho \"SUCCESS\" > \"${SCRIPT_OUTPUT_FILE_0}\"\n";
			showEnvVarsInLog = 0;
		};
		E0DD263404B88994A4C978AF /* [CP] Embed Pods Frameworks */ = {
			isa = PBXShellScriptBuildPhase;
			buildActionMask = 2147483647;
			files = (
			);
			inputFileListPaths = (
				"${PODS_ROOT}/Target Support Files/Pods-SurveyUnitTests/Pods-SurveyUnitTests-frameworks-${CONFIGURATION}-input-files.xcfilelist",
			);
			name = "[CP] Embed Pods Frameworks";
			outputFileListPaths = (
				"${PODS_ROOT}/Target Support Files/Pods-SurveyUnitTests/Pods-SurveyUnitTests-frameworks-${CONFIGURATION}-output-files.xcfilelist",
			);
			runOnlyForDeploymentPostprocessing = 0;
			shellPath = /bin/sh;
			shellScript = "\"${PODS_ROOT}/Target Support Files/Pods-SurveyUnitTests/Pods-SurveyUnitTests-frameworks.sh\"\n";
			showEnvVarsInLog = 0;
		};
/* End PBXShellScriptBuildPhase section */

/* Begin PBXSourcesBuildPhase section */
		043A117F290AFE4700F53F4B /* Sources */ = {
			isa = PBXSourcesBuildPhase;
			buildActionMask = 2147483647;
			files = (
				043A1186290AFE4700F53F4B /* SurveyUnitTests.swift in Sources */,
			);
			runOnlyForDeploymentPostprocessing = 0;
		};
		043A118D290AFE7700F53F4B /* Sources */ = {
			isa = PBXSourcesBuildPhase;
			buildActionMask = 2147483647;
			files = (
				043A1194290AFE7700F53F4B /* SurveyUITests.swift in Sources */,
			);
			runOnlyForDeploymentPostprocessing = 0;
		};
		04BB8A4D2907FACB00CAD4E5 /* Sources */ = {
			isa = PBXSourcesBuildPhase;
			buildActionMask = 2147483647;
			files = (
				04CD15D9291A2B0B002D778E /* AppView.swift in Sources */,
				04E628FD29090A1E000032C8 /* Configuration.swift in Sources */,
				047130D02913C96700E83A9A /* SplashView.swift in Sources */,
				04C7A6662919416000EAA943 /* UIFont+Extension.swift in Sources */,
				047B28E6290A772A005D615C /* ImageResource.swift in Sources */,
				0492B7DA2915092800D8E1D2 /* LoginRepositoryProtocol.swift in Sources */,
				047130C82913C31100E83A9A /* String+Extension.swift in Sources */,
				049F6F17290B93B7000C947F /* OverlayView.swift in Sources */,
				0492B7CA2915005E00D8E1D2 /* LoginTokenApi.swift in Sources */,
				048FC2C7291283D000B52907 /* EntryViewModel.swift in Sources */,
				047130B32913A67D00E83A9A /* FontResource.swift in Sources */,
				0492B7E229151D0A00D8E1D2 /* NetworkAPIProtocol.swift in Sources */,
				047130CA2913C4DC00E83A9A /* PasswordSecureTextField.swift in Sources */,
				04CD15E8291A7461002D778E /* ValidityChecker.swift in Sources */,
				04CD15D2291A1C98002D778E /* SurveyListView.swift in Sources */,
				0492B7DE2915102900D8E1D2 /* RequestConfiguration.swift in Sources */,
				046E731D2918BE3C004DAB41 /* LoginViewModel.swift in Sources */,
				04B72311291BB307005AF05E /* APIRequestConfigurations.swift in Sources */,
				0492B7D32915068700D8E1D2 /* LoginUseCase.swift in Sources */,
				048FC2C929128A6300B52907 /* AnimationCompletionObserverModifier.swift in Sources */,
				048FC2CE29128C3A00B52907 /* LoginView.swift in Sources */,
				0492B7CD291501DF00D8E1D2 /* LoginToken.swift in Sources */,
				04CD15D7291A2ADA002D778E /* AppScreenType.swift in Sources */,
				049F6F13290B8EEA000C947F /* Typealiases.swift in Sources */,
				04CD15DE291A4094002D778E /* KeychainHelper.swift in Sources */,
				0492B7E4291524EB00D8E1D2 /* HTTPError.swift in Sources */,
				0492B7D62915089A00D8E1D2 /* LoginRepository.swift in Sources */,
				049F6F10290B8D7C000C947F /* R.generated.swift in Sources */,
				047130AE2913863900E83A9A /* ColorResource.swift in Sources */,
				04BB8A552907FACC00CAD4E5 /* SurveyApp.swift in Sources */,
				047130CD2913C64A00E83A9A /* LoginButton.swift in Sources */,
				0492B7EA29152DBF00D8E1D2 /* LoginNetworkAPI.swift in Sources */,
				04CD15DB291A2B43002D778E /* AppViewModel.swift in Sources */,
				04CD15E2291A4FB5002D778E /* KeyChainConstants.swift in Sources */,
				0492B7D12915066C00D8E1D2 /* LoginUseCaseProtocol.swift in Sources */,
				0492B7E0291517C300D8E1D2 /* URLRequest+Extension.swift in Sources */,
				047130C02913BF6600E83A9A /* EmailTextField.swift in Sources */,
				048FC2CB29128AF700B52907 /* View+Extension.swift in Sources */,
				047130B82913B9E200E83A9A /* EntryViewType.swift in Sources */,
				04BB8A6E290802E600CAD4E5 /* EntryView.swift in Sources */,
			);
			runOnlyForDeploymentPostprocessing = 0;
		};
/* End PBXSourcesBuildPhase section */

/* Begin PBXTargetDependency section */
		043A1188290AFE4700F53F4B /* PBXTargetDependency */ = {
			isa = PBXTargetDependency;
			target = 04BB8A502907FACB00CAD4E5 /* Survey */;
			targetProxy = 043A1187290AFE4700F53F4B /* PBXContainerItemProxy */;
		};
		043A1198290AFE7700F53F4B /* PBXTargetDependency */ = {
			isa = PBXTargetDependency;
			target = 04BB8A502907FACB00CAD4E5 /* Survey */;
			targetProxy = 043A1197290AFE7700F53F4B /* PBXContainerItemProxy */;
		};
/* End PBXTargetDependency section */

/* Begin PBXVariantGroup section */
		047130C62913C15E00E83A9A /* Localizable.strings */ = {
			isa = PBXVariantGroup;
			children = (
				047130C52913C15E00E83A9A /* en */,
			);
			name = Localizable.strings;
			sourceTree = "<group>";
		};
/* End PBXVariantGroup section */

/* Begin XCBuildConfiguration section */
		043A118A290AFE4700F53F4B /* Debug */ = {
			isa = XCBuildConfiguration;
			baseConfigurationReference = 8B8B03DE148CAF58B57D2F69 /* Pods-SurveyUnitTests.debug.xcconfig */;
			buildSettings = {
				ALWAYS_EMBED_SWIFT_STANDARD_LIBRARIES = NO;
				BUNDLE_LOADER = "$(TEST_HOST)";
				"CODE_SIGN_IDENTITY[sdk=iphoneos*]" = "iPhone Distribution";
				CODE_SIGN_STYLE = Manual;
				CURRENT_PROJECT_VERSION = 1;
				DEVELOPMENT_TEAM = "";
				"DEVELOPMENT_TEAM[sdk=iphoneos*]" = 4TWS7E2EPE;
				"DEVELOPMENT_TEAM[sdk=macosx*]" = 4TWS7E2EPE;
				GENERATE_INFOPLIST_FILE = YES;
				IPHONEOS_DEPLOYMENT_TARGET = 16.0;
				MARKETING_VERSION = 1.0;
				PRODUCT_BUNDLE_IDENTIFIER = co.nimblehq.taher.survey.ic;
				PRODUCT_NAME = "$(TARGET_NAME)";
				PROVISIONING_PROFILE_SPECIFIER = "";
				"PROVISIONING_PROFILE_SPECIFIER[sdk=iphoneos*]" = "match AdHoc co.nimblehq.taher.survey.ic";
				SWIFT_EMIT_LOC_STRINGS = NO;
				SWIFT_VERSION = 5.0;
				TARGETED_DEVICE_FAMILY = "1,2";
				TEST_HOST = "$(BUILT_PRODUCTS_DIR)/Survey.app/$(BUNDLE_EXECUTABLE_FOLDER_PATH)/Survey";
			};
			name = Debug;
		};
		043A118B290AFE4700F53F4B /* Staging */ = {
			isa = XCBuildConfiguration;
			baseConfigurationReference = 630D177C410934EE037BE852 /* Pods-SurveyUnitTests.staging.xcconfig */;
			buildSettings = {
				ALWAYS_EMBED_SWIFT_STANDARD_LIBRARIES = NO;
				ALWAYS_SEARCH_USER_PATHS = NO;
				BUNDLE_LOADER = "$(TEST_HOST)";
				CLANG_ANALYZER_NONNULL = YES;
				CLANG_ANALYZER_NUMBER_OBJECT_CONVERSION = YES_AGGRESSIVE;
				CLANG_CXX_LANGUAGE_STANDARD = "gnu++20";
				CLANG_ENABLE_MODULES = YES;
				CLANG_ENABLE_OBJC_ARC = YES;
				CLANG_ENABLE_OBJC_WEAK = YES;
				CLANG_WARN_BLOCK_CAPTURE_AUTORELEASING = YES;
				CLANG_WARN_BOOL_CONVERSION = YES;
				CLANG_WARN_COMMA = YES;
				CLANG_WARN_CONSTANT_CONVERSION = YES;
				CLANG_WARN_DEPRECATED_OBJC_IMPLEMENTATIONS = YES;
				CLANG_WARN_DIRECT_OBJC_ISA_USAGE = YES_ERROR;
				CLANG_WARN_DOCUMENTATION_COMMENTS = YES;
				CLANG_WARN_EMPTY_BODY = YES;
				CLANG_WARN_ENUM_CONVERSION = YES;
				CLANG_WARN_INFINITE_RECURSION = YES;
				CLANG_WARN_INT_CONVERSION = YES;
				CLANG_WARN_NON_LITERAL_NULL_CONVERSION = YES;
				CLANG_WARN_OBJC_IMPLICIT_RETAIN_SELF = YES;
				CLANG_WARN_OBJC_LITERAL_CONVERSION = YES;
				CLANG_WARN_OBJC_ROOT_CLASS = YES_ERROR;
				CLANG_WARN_QUOTED_INCLUDE_IN_FRAMEWORK_HEADER = YES;
				CLANG_WARN_RANGE_LOOP_ANALYSIS = YES;
				CLANG_WARN_STRICT_PROTOTYPES = YES;
				CLANG_WARN_SUSPICIOUS_MOVE = YES;
				CLANG_WARN_UNGUARDED_AVAILABILITY = YES_AGGRESSIVE;
				CLANG_WARN_UNREACHABLE_CODE = YES;
				CLANG_WARN__DUPLICATE_METHOD_MATCH = YES;
				"CODE_SIGN_IDENTITY[sdk=iphoneos*]" = "iPhone Distribution";
				CODE_SIGN_STYLE = Manual;
				COPY_PHASE_STRIP = NO;
				CURRENT_PROJECT_VERSION = 1;
				DEBUG_INFORMATION_FORMAT = "dwarf-with-dsym";
				DEVELOPMENT_TEAM = "";
				"DEVELOPMENT_TEAM[sdk=iphoneos*]" = 4TWS7E2EPE;
				"DEVELOPMENT_TEAM[sdk=macosx*]" = 4TWS7E2EPE;
				ENABLE_NS_ASSERTIONS = NO;
				ENABLE_STRICT_OBJC_MSGSEND = YES;
				GCC_C_LANGUAGE_STANDARD = gnu11;
				GCC_NO_COMMON_BLOCKS = YES;
				GCC_WARN_64_TO_32_BIT_CONVERSION = YES;
				GCC_WARN_ABOUT_RETURN_TYPE = YES_ERROR;
				GCC_WARN_UNDECLARED_SELECTOR = YES;
				GCC_WARN_UNINITIALIZED_AUTOS = YES_AGGRESSIVE;
				GCC_WARN_UNUSED_FUNCTION = YES;
				GCC_WARN_UNUSED_VARIABLE = YES;
				GENERATE_INFOPLIST_FILE = YES;
				IPHONEOS_DEPLOYMENT_TARGET = 16.0;
				MARKETING_VERSION = 1.0;
				MTL_ENABLE_DEBUG_INFO = NO;
				MTL_FAST_MATH = YES;
				PRODUCT_BUNDLE_IDENTIFIER = co.nimblehq.taher.survey.ic;
				PRODUCT_NAME = "$(TARGET_NAME)";
				PROVISIONING_PROFILE_SPECIFIER = "";
				"PROVISIONING_PROFILE_SPECIFIER[sdk=iphoneos*]" = "match AdHoc co.nimblehq.taher.survey.ic";
				SDKROOT = iphoneos;
				SWIFT_COMPILATION_MODE = wholemodule;
				SWIFT_EMIT_LOC_STRINGS = NO;
				SWIFT_OPTIMIZATION_LEVEL = "-O";
				SWIFT_VERSION = 5.0;
				TARGETED_DEVICE_FAMILY = "1,2";
				TEST_HOST = "$(BUILT_PRODUCTS_DIR)/Survey.app/$(BUNDLE_EXECUTABLE_FOLDER_PATH)/Survey";
				VALIDATE_PRODUCT = YES;
			};
			name = Staging;
		};
		043A118C290AFE4700F53F4B /* Production */ = {
			isa = XCBuildConfiguration;
			baseConfigurationReference = 5661B33393EDE59046BD72D2 /* Pods-SurveyUnitTests.production.xcconfig */;
			buildSettings = {
				ALWAYS_EMBED_SWIFT_STANDARD_LIBRARIES = NO;
				ALWAYS_SEARCH_USER_PATHS = NO;
				BUNDLE_LOADER = "$(TEST_HOST)";
				CLANG_ANALYZER_NONNULL = YES;
				CLANG_ANALYZER_NUMBER_OBJECT_CONVERSION = YES_AGGRESSIVE;
				CLANG_CXX_LANGUAGE_STANDARD = "gnu++20";
				CLANG_ENABLE_MODULES = YES;
				CLANG_ENABLE_OBJC_ARC = YES;
				CLANG_ENABLE_OBJC_WEAK = YES;
				CLANG_WARN_BLOCK_CAPTURE_AUTORELEASING = YES;
				CLANG_WARN_BOOL_CONVERSION = YES;
				CLANG_WARN_COMMA = YES;
				CLANG_WARN_CONSTANT_CONVERSION = YES;
				CLANG_WARN_DEPRECATED_OBJC_IMPLEMENTATIONS = YES;
				CLANG_WARN_DIRECT_OBJC_ISA_USAGE = YES_ERROR;
				CLANG_WARN_DOCUMENTATION_COMMENTS = YES;
				CLANG_WARN_EMPTY_BODY = YES;
				CLANG_WARN_ENUM_CONVERSION = YES;
				CLANG_WARN_INFINITE_RECURSION = YES;
				CLANG_WARN_INT_CONVERSION = YES;
				CLANG_WARN_NON_LITERAL_NULL_CONVERSION = YES;
				CLANG_WARN_OBJC_IMPLICIT_RETAIN_SELF = YES;
				CLANG_WARN_OBJC_LITERAL_CONVERSION = YES;
				CLANG_WARN_OBJC_ROOT_CLASS = YES_ERROR;
				CLANG_WARN_QUOTED_INCLUDE_IN_FRAMEWORK_HEADER = YES;
				CLANG_WARN_RANGE_LOOP_ANALYSIS = YES;
				CLANG_WARN_STRICT_PROTOTYPES = YES;
				CLANG_WARN_SUSPICIOUS_MOVE = YES;
				CLANG_WARN_UNGUARDED_AVAILABILITY = YES_AGGRESSIVE;
				CLANG_WARN_UNREACHABLE_CODE = YES;
				CLANG_WARN__DUPLICATE_METHOD_MATCH = YES;
				"CODE_SIGN_IDENTITY[sdk=iphoneos*]" = "iPhone Distribution";
				CODE_SIGN_STYLE = Manual;
				COPY_PHASE_STRIP = NO;
				CURRENT_PROJECT_VERSION = 1;
				DEBUG_INFORMATION_FORMAT = "dwarf-with-dsym";
				DEVELOPMENT_TEAM = "";
				"DEVELOPMENT_TEAM[sdk=iphoneos*]" = 4TWS7E2EPE;
				"DEVELOPMENT_TEAM[sdk=macosx*]" = 4TWS7E2EPE;
				ENABLE_NS_ASSERTIONS = NO;
				ENABLE_STRICT_OBJC_MSGSEND = YES;
				GCC_C_LANGUAGE_STANDARD = gnu11;
				GCC_NO_COMMON_BLOCKS = YES;
				GCC_WARN_64_TO_32_BIT_CONVERSION = YES;
				GCC_WARN_ABOUT_RETURN_TYPE = YES_ERROR;
				GCC_WARN_UNDECLARED_SELECTOR = YES;
				GCC_WARN_UNINITIALIZED_AUTOS = YES_AGGRESSIVE;
				GCC_WARN_UNUSED_FUNCTION = YES;
				GCC_WARN_UNUSED_VARIABLE = YES;
				GENERATE_INFOPLIST_FILE = YES;
				IPHONEOS_DEPLOYMENT_TARGET = 16.0;
				MARKETING_VERSION = 1.0;
				MTL_ENABLE_DEBUG_INFO = NO;
				MTL_FAST_MATH = YES;
				PRODUCT_BUNDLE_IDENTIFIER = co.nimblehq.taher.survey.ic;
				PRODUCT_NAME = "$(TARGET_NAME)";
				PROVISIONING_PROFILE_SPECIFIER = "";
				"PROVISIONING_PROFILE_SPECIFIER[sdk=iphoneos*]" = "match AdHoc co.nimblehq.taher.survey.ic";
				SDKROOT = iphoneos;
				SWIFT_COMPILATION_MODE = wholemodule;
				SWIFT_EMIT_LOC_STRINGS = NO;
				SWIFT_OPTIMIZATION_LEVEL = "-O";
				SWIFT_VERSION = 5.0;
				TARGETED_DEVICE_FAMILY = "1,2";
				TEST_HOST = "$(BUILT_PRODUCTS_DIR)/Survey.app/$(BUNDLE_EXECUTABLE_FOLDER_PATH)/Survey";
				VALIDATE_PRODUCT = YES;
			};
			name = Production;
		};
		043A119A290AFE7700F53F4B /* Debug */ = {
			isa = XCBuildConfiguration;
			baseConfigurationReference = C847CDA9C0E333F62F214D42 /* Pods-Survey-SurveyUITests.debug.xcconfig */;
			buildSettings = {
				ALWAYS_EMBED_SWIFT_STANDARD_LIBRARIES = NO;
				"CODE_SIGN_IDENTITY[sdk=iphoneos*]" = "iPhone Developer";
				CODE_SIGN_STYLE = Manual;
				CURRENT_PROJECT_VERSION = 1;
				DEVELOPMENT_TEAM = "";
				"DEVELOPMENT_TEAM[sdk=iphoneos*]" = 4TWS7E2EPE;
				"DEVELOPMENT_TEAM[sdk=macosx*]" = 4TWS7E2EPE;
				GENERATE_INFOPLIST_FILE = YES;
				IPHONEOS_DEPLOYMENT_TARGET = 16.0;
				MARKETING_VERSION = 1.0;
				PRODUCT_BUNDLE_IDENTIFIER = co.nimblehq.taher.survey.ic;
				PRODUCT_NAME = "$(TARGET_NAME)";
				PROVISIONING_PROFILE_SPECIFIER = "";
				"PROVISIONING_PROFILE_SPECIFIER[sdk=iphoneos*]" = "match Development co.nimblehq.taher.survey.ic";
				SWIFT_EMIT_LOC_STRINGS = NO;
				SWIFT_VERSION = 5.0;
				TARGETED_DEVICE_FAMILY = "1,2";
				TEST_TARGET_NAME = Survey;
			};
			name = Debug;
		};
		043A119B290AFE7700F53F4B /* Staging */ = {
			isa = XCBuildConfiguration;
			baseConfigurationReference = 3D4E09C3B0D7B286C3B3A59B /* Pods-Survey-SurveyUITests.staging.xcconfig */;
			buildSettings = {
				ALWAYS_EMBED_SWIFT_STANDARD_LIBRARIES = NO;
				ALWAYS_SEARCH_USER_PATHS = NO;
				CLANG_ANALYZER_NONNULL = YES;
				CLANG_ANALYZER_NUMBER_OBJECT_CONVERSION = YES_AGGRESSIVE;
				CLANG_CXX_LANGUAGE_STANDARD = "gnu++20";
				CLANG_ENABLE_MODULES = YES;
				CLANG_ENABLE_OBJC_ARC = YES;
				CLANG_ENABLE_OBJC_WEAK = YES;
				CLANG_WARN_BLOCK_CAPTURE_AUTORELEASING = YES;
				CLANG_WARN_BOOL_CONVERSION = YES;
				CLANG_WARN_COMMA = YES;
				CLANG_WARN_CONSTANT_CONVERSION = YES;
				CLANG_WARN_DEPRECATED_OBJC_IMPLEMENTATIONS = YES;
				CLANG_WARN_DIRECT_OBJC_ISA_USAGE = YES_ERROR;
				CLANG_WARN_DOCUMENTATION_COMMENTS = YES;
				CLANG_WARN_EMPTY_BODY = YES;
				CLANG_WARN_ENUM_CONVERSION = YES;
				CLANG_WARN_INFINITE_RECURSION = YES;
				CLANG_WARN_INT_CONVERSION = YES;
				CLANG_WARN_NON_LITERAL_NULL_CONVERSION = YES;
				CLANG_WARN_OBJC_IMPLICIT_RETAIN_SELF = YES;
				CLANG_WARN_OBJC_LITERAL_CONVERSION = YES;
				CLANG_WARN_OBJC_ROOT_CLASS = YES_ERROR;
				CLANG_WARN_QUOTED_INCLUDE_IN_FRAMEWORK_HEADER = YES;
				CLANG_WARN_RANGE_LOOP_ANALYSIS = YES;
				CLANG_WARN_STRICT_PROTOTYPES = YES;
				CLANG_WARN_SUSPICIOUS_MOVE = YES;
				CLANG_WARN_UNGUARDED_AVAILABILITY = YES_AGGRESSIVE;
				CLANG_WARN_UNREACHABLE_CODE = YES;
				CLANG_WARN__DUPLICATE_METHOD_MATCH = YES;
				"CODE_SIGN_IDENTITY[sdk=iphoneos*]" = "iPhone Developer";
				CODE_SIGN_STYLE = Manual;
				COPY_PHASE_STRIP = NO;
				CURRENT_PROJECT_VERSION = 1;
				DEBUG_INFORMATION_FORMAT = "dwarf-with-dsym";
				DEVELOPMENT_TEAM = "";
				"DEVELOPMENT_TEAM[sdk=iphoneos*]" = 4TWS7E2EPE;
				"DEVELOPMENT_TEAM[sdk=macosx*]" = 4TWS7E2EPE;
				ENABLE_NS_ASSERTIONS = NO;
				ENABLE_STRICT_OBJC_MSGSEND = YES;
				GCC_C_LANGUAGE_STANDARD = gnu11;
				GCC_NO_COMMON_BLOCKS = YES;
				GCC_WARN_64_TO_32_BIT_CONVERSION = YES;
				GCC_WARN_ABOUT_RETURN_TYPE = YES_ERROR;
				GCC_WARN_UNDECLARED_SELECTOR = YES;
				GCC_WARN_UNINITIALIZED_AUTOS = YES_AGGRESSIVE;
				GCC_WARN_UNUSED_FUNCTION = YES;
				GCC_WARN_UNUSED_VARIABLE = YES;
				GENERATE_INFOPLIST_FILE = YES;
				IPHONEOS_DEPLOYMENT_TARGET = 16.0;
				MARKETING_VERSION = 1.0;
				MTL_ENABLE_DEBUG_INFO = NO;
				MTL_FAST_MATH = YES;
				PRODUCT_BUNDLE_IDENTIFIER = co.nimblehq.taher.survey.ic;
				PRODUCT_NAME = "$(TARGET_NAME)";
				PROVISIONING_PROFILE_SPECIFIER = "";
				"PROVISIONING_PROFILE_SPECIFIER[sdk=iphoneos*]" = "match Development co.nimblehq.taher.survey.ic";
				SDKROOT = iphoneos;
				SWIFT_COMPILATION_MODE = wholemodule;
				SWIFT_EMIT_LOC_STRINGS = NO;
				SWIFT_OPTIMIZATION_LEVEL = "-O";
				SWIFT_VERSION = 5.0;
				TARGETED_DEVICE_FAMILY = "1,2";
				TEST_TARGET_NAME = Survey;
				VALIDATE_PRODUCT = YES;
			};
			name = Staging;
		};
		043A119C290AFE7700F53F4B /* Production */ = {
			isa = XCBuildConfiguration;
			baseConfigurationReference = 5D4C1C8860071D56E9F66342 /* Pods-Survey-SurveyUITests.production.xcconfig */;
			buildSettings = {
				ALWAYS_EMBED_SWIFT_STANDARD_LIBRARIES = NO;
				ALWAYS_SEARCH_USER_PATHS = NO;
				CLANG_ANALYZER_NONNULL = YES;
				CLANG_ANALYZER_NUMBER_OBJECT_CONVERSION = YES_AGGRESSIVE;
				CLANG_CXX_LANGUAGE_STANDARD = "gnu++20";
				CLANG_ENABLE_MODULES = YES;
				CLANG_ENABLE_OBJC_ARC = YES;
				CLANG_ENABLE_OBJC_WEAK = YES;
				CLANG_WARN_BLOCK_CAPTURE_AUTORELEASING = YES;
				CLANG_WARN_BOOL_CONVERSION = YES;
				CLANG_WARN_COMMA = YES;
				CLANG_WARN_CONSTANT_CONVERSION = YES;
				CLANG_WARN_DEPRECATED_OBJC_IMPLEMENTATIONS = YES;
				CLANG_WARN_DIRECT_OBJC_ISA_USAGE = YES_ERROR;
				CLANG_WARN_DOCUMENTATION_COMMENTS = YES;
				CLANG_WARN_EMPTY_BODY = YES;
				CLANG_WARN_ENUM_CONVERSION = YES;
				CLANG_WARN_INFINITE_RECURSION = YES;
				CLANG_WARN_INT_CONVERSION = YES;
				CLANG_WARN_NON_LITERAL_NULL_CONVERSION = YES;
				CLANG_WARN_OBJC_IMPLICIT_RETAIN_SELF = YES;
				CLANG_WARN_OBJC_LITERAL_CONVERSION = YES;
				CLANG_WARN_OBJC_ROOT_CLASS = YES_ERROR;
				CLANG_WARN_QUOTED_INCLUDE_IN_FRAMEWORK_HEADER = YES;
				CLANG_WARN_RANGE_LOOP_ANALYSIS = YES;
				CLANG_WARN_STRICT_PROTOTYPES = YES;
				CLANG_WARN_SUSPICIOUS_MOVE = YES;
				CLANG_WARN_UNGUARDED_AVAILABILITY = YES_AGGRESSIVE;
				CLANG_WARN_UNREACHABLE_CODE = YES;
				CLANG_WARN__DUPLICATE_METHOD_MATCH = YES;
				"CODE_SIGN_IDENTITY[sdk=iphoneos*]" = "iPhone Developer";
				CODE_SIGN_STYLE = Manual;
				COPY_PHASE_STRIP = NO;
				CURRENT_PROJECT_VERSION = 1;
				DEBUG_INFORMATION_FORMAT = "dwarf-with-dsym";
				DEVELOPMENT_TEAM = "";
				"DEVELOPMENT_TEAM[sdk=iphoneos*]" = 4TWS7E2EPE;
				"DEVELOPMENT_TEAM[sdk=macosx*]" = 4TWS7E2EPE;
				ENABLE_NS_ASSERTIONS = NO;
				ENABLE_STRICT_OBJC_MSGSEND = YES;
				GCC_C_LANGUAGE_STANDARD = gnu11;
				GCC_NO_COMMON_BLOCKS = YES;
				GCC_WARN_64_TO_32_BIT_CONVERSION = YES;
				GCC_WARN_ABOUT_RETURN_TYPE = YES_ERROR;
				GCC_WARN_UNDECLARED_SELECTOR = YES;
				GCC_WARN_UNINITIALIZED_AUTOS = YES_AGGRESSIVE;
				GCC_WARN_UNUSED_FUNCTION = YES;
				GCC_WARN_UNUSED_VARIABLE = YES;
				GENERATE_INFOPLIST_FILE = YES;
				IPHONEOS_DEPLOYMENT_TARGET = 16.0;
				MARKETING_VERSION = 1.0;
				MTL_ENABLE_DEBUG_INFO = NO;
				MTL_FAST_MATH = YES;
				PRODUCT_BUNDLE_IDENTIFIER = co.nimblehq.taher.survey.ic;
				PRODUCT_NAME = "$(TARGET_NAME)";
				PROVISIONING_PROFILE_SPECIFIER = "";
				"PROVISIONING_PROFILE_SPECIFIER[sdk=iphoneos*]" = "match Development co.nimblehq.taher.survey.ic";
				SDKROOT = iphoneos;
				SWIFT_COMPILATION_MODE = wholemodule;
				SWIFT_EMIT_LOC_STRINGS = NO;
				SWIFT_OPTIMIZATION_LEVEL = "-O";
				SWIFT_VERSION = 5.0;
				TARGETED_DEVICE_FAMILY = "1,2";
				TEST_TARGET_NAME = Survey;
				VALIDATE_PRODUCT = YES;
			};
			name = Production;
		};
		04BB8A5D2907FACD00CAD4E5 /* Debug */ = {
			isa = XCBuildConfiguration;
			baseConfigurationReference = 04E6290029090E15000032C8 /* Debug.xcconfig */;
			buildSettings = {
				ALWAYS_SEARCH_USER_PATHS = NO;
				CLANG_ANALYZER_NONNULL = YES;
				CLANG_ANALYZER_NUMBER_OBJECT_CONVERSION = YES_AGGRESSIVE;
				CLANG_CXX_LANGUAGE_STANDARD = "gnu++20";
				CLANG_ENABLE_MODULES = YES;
				CLANG_ENABLE_OBJC_ARC = YES;
				CLANG_ENABLE_OBJC_WEAK = YES;
				CLANG_WARN_BLOCK_CAPTURE_AUTORELEASING = YES;
				CLANG_WARN_BOOL_CONVERSION = YES;
				CLANG_WARN_COMMA = YES;
				CLANG_WARN_CONSTANT_CONVERSION = YES;
				CLANG_WARN_DEPRECATED_OBJC_IMPLEMENTATIONS = YES;
				CLANG_WARN_DIRECT_OBJC_ISA_USAGE = YES_ERROR;
				CLANG_WARN_DOCUMENTATION_COMMENTS = YES;
				CLANG_WARN_EMPTY_BODY = YES;
				CLANG_WARN_ENUM_CONVERSION = YES;
				CLANG_WARN_INFINITE_RECURSION = YES;
				CLANG_WARN_INT_CONVERSION = YES;
				CLANG_WARN_NON_LITERAL_NULL_CONVERSION = YES;
				CLANG_WARN_OBJC_IMPLICIT_RETAIN_SELF = YES;
				CLANG_WARN_OBJC_LITERAL_CONVERSION = YES;
				CLANG_WARN_OBJC_ROOT_CLASS = YES_ERROR;
				CLANG_WARN_QUOTED_INCLUDE_IN_FRAMEWORK_HEADER = YES;
				CLANG_WARN_RANGE_LOOP_ANALYSIS = YES;
				CLANG_WARN_STRICT_PROTOTYPES = YES;
				CLANG_WARN_SUSPICIOUS_MOVE = YES;
				CLANG_WARN_UNGUARDED_AVAILABILITY = YES_AGGRESSIVE;
				CLANG_WARN_UNREACHABLE_CODE = YES;
				CLANG_WARN__DUPLICATE_METHOD_MATCH = YES;
				COPY_PHASE_STRIP = NO;
				DEBUG_INFORMATION_FORMAT = dwarf;
				ENABLE_STRICT_OBJC_MSGSEND = YES;
				ENABLE_TESTABILITY = YES;
				GCC_C_LANGUAGE_STANDARD = gnu11;
				GCC_DYNAMIC_NO_PIC = NO;
				GCC_NO_COMMON_BLOCKS = YES;
				GCC_OPTIMIZATION_LEVEL = 0;
				GCC_PREPROCESSOR_DEFINITIONS = (
					"DEBUG=1",
					"$(inherited)",
				);
				GCC_WARN_64_TO_32_BIT_CONVERSION = YES;
				GCC_WARN_ABOUT_RETURN_TYPE = YES_ERROR;
				GCC_WARN_UNDECLARED_SELECTOR = YES;
				GCC_WARN_UNINITIALIZED_AUTOS = YES_AGGRESSIVE;
				GCC_WARN_UNUSED_FUNCTION = YES;
				GCC_WARN_UNUSED_VARIABLE = YES;
				IPHONEOS_DEPLOYMENT_TARGET = 14.0;
				MTL_ENABLE_DEBUG_INFO = INCLUDE_SOURCE;
				MTL_FAST_MATH = YES;
				ONLY_ACTIVE_ARCH = YES;
				SDKROOT = iphoneos;
				SWIFT_ACTIVE_COMPILATION_CONDITIONS = DEBUG;
				SWIFT_OPTIMIZATION_LEVEL = "-Onone";
			};
			name = Debug;
		};
		04BB8A5E2907FACD00CAD4E5 /* Staging */ = {
			isa = XCBuildConfiguration;
			baseConfigurationReference = 04E6290129090E26000032C8 /* Staging.xcconfig */;
			buildSettings = {
				ALWAYS_SEARCH_USER_PATHS = NO;
				CLANG_ANALYZER_NONNULL = YES;
				CLANG_ANALYZER_NUMBER_OBJECT_CONVERSION = YES_AGGRESSIVE;
				CLANG_CXX_LANGUAGE_STANDARD = "gnu++20";
				CLANG_ENABLE_MODULES = YES;
				CLANG_ENABLE_OBJC_ARC = YES;
				CLANG_ENABLE_OBJC_WEAK = YES;
				CLANG_WARN_BLOCK_CAPTURE_AUTORELEASING = YES;
				CLANG_WARN_BOOL_CONVERSION = YES;
				CLANG_WARN_COMMA = YES;
				CLANG_WARN_CONSTANT_CONVERSION = YES;
				CLANG_WARN_DEPRECATED_OBJC_IMPLEMENTATIONS = YES;
				CLANG_WARN_DIRECT_OBJC_ISA_USAGE = YES_ERROR;
				CLANG_WARN_DOCUMENTATION_COMMENTS = YES;
				CLANG_WARN_EMPTY_BODY = YES;
				CLANG_WARN_ENUM_CONVERSION = YES;
				CLANG_WARN_INFINITE_RECURSION = YES;
				CLANG_WARN_INT_CONVERSION = YES;
				CLANG_WARN_NON_LITERAL_NULL_CONVERSION = YES;
				CLANG_WARN_OBJC_IMPLICIT_RETAIN_SELF = YES;
				CLANG_WARN_OBJC_LITERAL_CONVERSION = YES;
				CLANG_WARN_OBJC_ROOT_CLASS = YES_ERROR;
				CLANG_WARN_QUOTED_INCLUDE_IN_FRAMEWORK_HEADER = YES;
				CLANG_WARN_RANGE_LOOP_ANALYSIS = YES;
				CLANG_WARN_STRICT_PROTOTYPES = YES;
				CLANG_WARN_SUSPICIOUS_MOVE = YES;
				CLANG_WARN_UNGUARDED_AVAILABILITY = YES_AGGRESSIVE;
				CLANG_WARN_UNREACHABLE_CODE = YES;
				CLANG_WARN__DUPLICATE_METHOD_MATCH = YES;
				COPY_PHASE_STRIP = NO;
				DEBUG_INFORMATION_FORMAT = "dwarf-with-dsym";
				ENABLE_NS_ASSERTIONS = NO;
				ENABLE_STRICT_OBJC_MSGSEND = YES;
				GCC_C_LANGUAGE_STANDARD = gnu11;
				GCC_NO_COMMON_BLOCKS = YES;
				GCC_WARN_64_TO_32_BIT_CONVERSION = YES;
				GCC_WARN_ABOUT_RETURN_TYPE = YES_ERROR;
				GCC_WARN_UNDECLARED_SELECTOR = YES;
				GCC_WARN_UNINITIALIZED_AUTOS = YES_AGGRESSIVE;
				GCC_WARN_UNUSED_FUNCTION = YES;
				GCC_WARN_UNUSED_VARIABLE = YES;
				IPHONEOS_DEPLOYMENT_TARGET = 14.0;
				MTL_ENABLE_DEBUG_INFO = NO;
				MTL_FAST_MATH = YES;
				ONLY_ACTIVE_ARCH = YES;
				SDKROOT = iphoneos;
				SWIFT_ACTIVE_COMPILATION_CONDITIONS = STAGING;
				SWIFT_COMPILATION_MODE = wholemodule;
				SWIFT_OPTIMIZATION_LEVEL = "-O";
				VALIDATE_PRODUCT = YES;
			};
			name = Staging;
		};
		04BB8A602907FACD00CAD4E5 /* Debug */ = {
			isa = XCBuildConfiguration;
			baseConfigurationReference = C137B7F97CA5A841E45593D8 /* Pods-Survey.debug.xcconfig */;
			buildSettings = {
				ASSETCATALOG_COMPILER_APPICON_NAME = AppIcon;
				ASSETCATALOG_COMPILER_GLOBAL_ACCENT_COLOR_NAME = AccentColor;
				CODE_SIGN_IDENTITY = "Apple Development";
				"CODE_SIGN_IDENTITY[sdk=iphoneos*]" = "iPhone Distribution";
				CODE_SIGN_STYLE = Manual;
				CURRENT_PROJECT_VERSION = 1;
				DEVELOPMENT_ASSET_PATHS = "";
				DEVELOPMENT_TEAM = "";
				"DEVELOPMENT_TEAM[sdk=iphoneos*]" = 4TWS7E2EPE;
				ENABLE_PREVIEWS = YES;
				GENERATE_INFOPLIST_FILE = YES;
				INFOPLIST_FILE = Survey/Configurations/Plists/Info.plist;
				INFOPLIST_KEY_UIApplicationSceneManifest_Generation = YES;
				INFOPLIST_KEY_UIApplicationSupportsIndirectInputEvents = YES;
				INFOPLIST_KEY_UILaunchScreen_Generation = YES;
				INFOPLIST_KEY_UIRequiresFullScreen = NO;
				INFOPLIST_KEY_UIStatusBarStyle = UIStatusBarStyleLightContent;
				INFOPLIST_KEY_UISupportedInterfaceOrientations_iPad = "UIInterfaceOrientationPortrait UIInterfaceOrientationPortraitUpsideDown UIInterfaceOrientationLandscapeLeft UIInterfaceOrientationLandscapeRight";
				INFOPLIST_KEY_UISupportedInterfaceOrientations_iPhone = "UIInterfaceOrientationPortrait UIInterfaceOrientationLandscapeLeft UIInterfaceOrientationLandscapeRight";
				IPHONEOS_DEPLOYMENT_TARGET = 14.0;
				LD_RUNPATH_SEARCH_PATHS = (
					"$(inherited)",
					"@executable_path/Frameworks",
				);
				MARKETING_VERSION = 1.0;
				PRODUCT_BUNDLE_IDENTIFIER = co.nimblehq.taher.survey.ic;
				PRODUCT_NAME = "$(TARGET_NAME)";
				PROVISIONING_PROFILE_SPECIFIER = "";
				"PROVISIONING_PROFILE_SPECIFIER[sdk=iphoneos*]" = "match AdHoc co.nimblehq.taher.survey.ic";
				SWIFT_EMIT_LOC_STRINGS = YES;
				SWIFT_VERSION = 5.0;
				TARGETED_DEVICE_FAMILY = "1,2";
			};
			name = Debug;
		};
		04BB8A612907FACD00CAD4E5 /* Staging */ = {
			isa = XCBuildConfiguration;
			baseConfigurationReference = F18D2573F57D4D19DD34C280 /* Pods-Survey.staging.xcconfig */;
			buildSettings = {
				ASSETCATALOG_COMPILER_APPICON_NAME = AppIcon;
				ASSETCATALOG_COMPILER_GLOBAL_ACCENT_COLOR_NAME = AccentColor;
				CODE_SIGN_IDENTITY = "Apple Development";
				"CODE_SIGN_IDENTITY[sdk=iphoneos*]" = "iPhone Distribution";
				CODE_SIGN_STYLE = Manual;
				CURRENT_PROJECT_VERSION = 1;
				DEVELOPMENT_ASSET_PATHS = "";
				DEVELOPMENT_TEAM = "";
				"DEVELOPMENT_TEAM[sdk=iphoneos*]" = 4TWS7E2EPE;
				ENABLE_PREVIEWS = YES;
				GENERATE_INFOPLIST_FILE = YES;
				INFOPLIST_FILE = Survey/Configurations/Plists/Info.plist;
				INFOPLIST_KEY_UIApplicationSceneManifest_Generation = YES;
				INFOPLIST_KEY_UIApplicationSupportsIndirectInputEvents = YES;
				INFOPLIST_KEY_UILaunchScreen_Generation = YES;
				INFOPLIST_KEY_UIRequiresFullScreen = NO;
				INFOPLIST_KEY_UIStatusBarStyle = UIStatusBarStyleLightContent;
				INFOPLIST_KEY_UISupportedInterfaceOrientations_iPad = "UIInterfaceOrientationPortrait UIInterfaceOrientationPortraitUpsideDown UIInterfaceOrientationLandscapeLeft UIInterfaceOrientationLandscapeRight";
				INFOPLIST_KEY_UISupportedInterfaceOrientations_iPhone = "UIInterfaceOrientationPortrait UIInterfaceOrientationLandscapeLeft UIInterfaceOrientationLandscapeRight";
				IPHONEOS_DEPLOYMENT_TARGET = 14.0;
				LD_RUNPATH_SEARCH_PATHS = (
					"$(inherited)",
					"@executable_path/Frameworks",
				);
				MARKETING_VERSION = 1.0;
				PRODUCT_BUNDLE_IDENTIFIER = co.nimblehq.taher.survey.ic;
				PRODUCT_NAME = "$(TARGET_NAME)";
				PROVISIONING_PROFILE_SPECIFIER = "";
				"PROVISIONING_PROFILE_SPECIFIER[sdk=iphoneos*]" = "match AdHoc co.nimblehq.taher.survey.ic";
				SWIFT_EMIT_LOC_STRINGS = YES;
				SWIFT_VERSION = 5.0;
				TARGETED_DEVICE_FAMILY = "1,2";
			};
			name = Staging;
		};
		04E628F8290905AE000032C8 /* Production */ = {
			isa = XCBuildConfiguration;
			baseConfigurationReference = 04E6290229090E3D000032C8 /* Production.xcconfig */;
			buildSettings = {
				ALWAYS_SEARCH_USER_PATHS = NO;
				CLANG_ANALYZER_NONNULL = YES;
				CLANG_ANALYZER_NUMBER_OBJECT_CONVERSION = YES_AGGRESSIVE;
				CLANG_CXX_LANGUAGE_STANDARD = "gnu++20";
				CLANG_ENABLE_MODULES = YES;
				CLANG_ENABLE_OBJC_ARC = YES;
				CLANG_ENABLE_OBJC_WEAK = YES;
				CLANG_WARN_BLOCK_CAPTURE_AUTORELEASING = YES;
				CLANG_WARN_BOOL_CONVERSION = YES;
				CLANG_WARN_COMMA = YES;
				CLANG_WARN_CONSTANT_CONVERSION = YES;
				CLANG_WARN_DEPRECATED_OBJC_IMPLEMENTATIONS = YES;
				CLANG_WARN_DIRECT_OBJC_ISA_USAGE = YES_ERROR;
				CLANG_WARN_DOCUMENTATION_COMMENTS = YES;
				CLANG_WARN_EMPTY_BODY = YES;
				CLANG_WARN_ENUM_CONVERSION = YES;
				CLANG_WARN_INFINITE_RECURSION = YES;
				CLANG_WARN_INT_CONVERSION = YES;
				CLANG_WARN_NON_LITERAL_NULL_CONVERSION = YES;
				CLANG_WARN_OBJC_IMPLICIT_RETAIN_SELF = YES;
				CLANG_WARN_OBJC_LITERAL_CONVERSION = YES;
				CLANG_WARN_OBJC_ROOT_CLASS = YES_ERROR;
				CLANG_WARN_QUOTED_INCLUDE_IN_FRAMEWORK_HEADER = YES;
				CLANG_WARN_RANGE_LOOP_ANALYSIS = YES;
				CLANG_WARN_STRICT_PROTOTYPES = YES;
				CLANG_WARN_SUSPICIOUS_MOVE = YES;
				CLANG_WARN_UNGUARDED_AVAILABILITY = YES_AGGRESSIVE;
				CLANG_WARN_UNREACHABLE_CODE = YES;
				CLANG_WARN__DUPLICATE_METHOD_MATCH = YES;
				COPY_PHASE_STRIP = NO;
				DEBUG_INFORMATION_FORMAT = "dwarf-with-dsym";
				ENABLE_NS_ASSERTIONS = NO;
				ENABLE_STRICT_OBJC_MSGSEND = YES;
				GCC_C_LANGUAGE_STANDARD = gnu11;
				GCC_NO_COMMON_BLOCKS = YES;
				GCC_WARN_64_TO_32_BIT_CONVERSION = YES;
				GCC_WARN_ABOUT_RETURN_TYPE = YES_ERROR;
				GCC_WARN_UNDECLARED_SELECTOR = YES;
				GCC_WARN_UNINITIALIZED_AUTOS = YES_AGGRESSIVE;
				GCC_WARN_UNUSED_FUNCTION = YES;
				GCC_WARN_UNUSED_VARIABLE = YES;
				IPHONEOS_DEPLOYMENT_TARGET = 14.0;
				MTL_ENABLE_DEBUG_INFO = NO;
				MTL_FAST_MATH = YES;
				ONLY_ACTIVE_ARCH = YES;
				SDKROOT = iphoneos;
				SWIFT_ACTIVE_COMPILATION_CONDITIONS = PRODUCTION;
				SWIFT_COMPILATION_MODE = wholemodule;
				SWIFT_OPTIMIZATION_LEVEL = "-O";
				VALIDATE_PRODUCT = YES;
			};
			name = Production;
		};
		04E628F9290905AE000032C8 /* Production */ = {
			isa = XCBuildConfiguration;
			baseConfigurationReference = F7A19D57F63655CE3E0936FA /* Pods-Survey.production.xcconfig */;
			buildSettings = {
				ASSETCATALOG_COMPILER_APPICON_NAME = AppIcon;
				ASSETCATALOG_COMPILER_GLOBAL_ACCENT_COLOR_NAME = AccentColor;
				CODE_SIGN_IDENTITY = "Apple Development";
				"CODE_SIGN_IDENTITY[sdk=iphoneos*]" = "iPhone Distribution";
				CODE_SIGN_STYLE = Manual;
				CURRENT_PROJECT_VERSION = 1;
				DEVELOPMENT_ASSET_PATHS = "";
				DEVELOPMENT_TEAM = "";
				"DEVELOPMENT_TEAM[sdk=iphoneos*]" = 4TWS7E2EPE;
				ENABLE_PREVIEWS = YES;
				GENERATE_INFOPLIST_FILE = YES;
				INFOPLIST_FILE = Survey/Configurations/Plists/Info.plist;
				INFOPLIST_KEY_UIApplicationSceneManifest_Generation = YES;
				INFOPLIST_KEY_UIApplicationSupportsIndirectInputEvents = YES;
				INFOPLIST_KEY_UILaunchScreen_Generation = YES;
				INFOPLIST_KEY_UIRequiresFullScreen = NO;
				INFOPLIST_KEY_UIStatusBarStyle = UIStatusBarStyleLightContent;
				INFOPLIST_KEY_UISupportedInterfaceOrientations_iPad = "UIInterfaceOrientationPortrait UIInterfaceOrientationPortraitUpsideDown UIInterfaceOrientationLandscapeLeft UIInterfaceOrientationLandscapeRight";
				INFOPLIST_KEY_UISupportedInterfaceOrientations_iPhone = "UIInterfaceOrientationPortrait UIInterfaceOrientationLandscapeLeft UIInterfaceOrientationLandscapeRight";
				IPHONEOS_DEPLOYMENT_TARGET = 14.0;
				LD_RUNPATH_SEARCH_PATHS = (
					"$(inherited)",
					"@executable_path/Frameworks",
				);
				MARKETING_VERSION = 1.0;
				PRODUCT_BUNDLE_IDENTIFIER = co.nimblehq.taher.survey.ic;
				PRODUCT_NAME = "$(TARGET_NAME)";
				PROVISIONING_PROFILE_SPECIFIER = "";
				"PROVISIONING_PROFILE_SPECIFIER[sdk=iphoneos*]" = "match AdHoc co.nimblehq.taher.survey.ic";
				SWIFT_EMIT_LOC_STRINGS = YES;
				SWIFT_VERSION = 5.0;
				TARGETED_DEVICE_FAMILY = "1,2";
			};
			name = Production;
		};
/* End XCBuildConfiguration section */

/* Begin XCConfigurationList section */
		043A1189290AFE4700F53F4B /* Build configuration list for PBXNativeTarget "SurveyUnitTests" */ = {
			isa = XCConfigurationList;
			buildConfigurations = (
				043A118A290AFE4700F53F4B /* Debug */,
				043A118B290AFE4700F53F4B /* Staging */,
				043A118C290AFE4700F53F4B /* Production */,
			);
			defaultConfigurationIsVisible = 0;
			defaultConfigurationName = Production;
		};
		043A1199290AFE7700F53F4B /* Build configuration list for PBXNativeTarget "SurveyUITests" */ = {
			isa = XCConfigurationList;
			buildConfigurations = (
				043A119A290AFE7700F53F4B /* Debug */,
				043A119B290AFE7700F53F4B /* Staging */,
				043A119C290AFE7700F53F4B /* Production */,
			);
			defaultConfigurationIsVisible = 0;
			defaultConfigurationName = Production;
		};
		04BB8A4C2907FACB00CAD4E5 /* Build configuration list for PBXProject "Survey" */ = {
			isa = XCConfigurationList;
			buildConfigurations = (
				04BB8A5D2907FACD00CAD4E5 /* Debug */,
				04BB8A5E2907FACD00CAD4E5 /* Staging */,
				04E628F8290905AE000032C8 /* Production */,
			);
			defaultConfigurationIsVisible = 0;
			defaultConfigurationName = Production;
		};
		04BB8A5F2907FACD00CAD4E5 /* Build configuration list for PBXNativeTarget "Survey" */ = {
			isa = XCConfigurationList;
			buildConfigurations = (
				04BB8A602907FACD00CAD4E5 /* Debug */,
				04BB8A612907FACD00CAD4E5 /* Staging */,
				04E628F9290905AE000032C8 /* Production */,
			);
			defaultConfigurationIsVisible = 0;
			defaultConfigurationName = Production;
		};
/* End XCConfigurationList section */

/* Begin XCRemoteSwiftPackageReference section */
		04CD15D3291A2AAE002D778E /* XCRemoteSwiftPackageReference "FlowStacks" */ = {
			isa = XCRemoteSwiftPackageReference;
			repositoryURL = "https://github.com/johnpatrickmorgan/FlowStacks";
			requirement = {
				branch = main;
				kind = branch;
			};
		};
/* End XCRemoteSwiftPackageReference section */

/* Begin XCSwiftPackageProductDependency section */
		04CD15D4291A2AAE002D778E /* FlowStacks */ = {
			isa = XCSwiftPackageProductDependency;
			package = 04CD15D3291A2AAE002D778E /* XCRemoteSwiftPackageReference "FlowStacks" */;
			productName = FlowStacks;
		};
/* End XCSwiftPackageProductDependency section */
	};
	rootObject = 04BB8A492907FACB00CAD4E5 /* Project object */;
}
